// !$*UTF8*$!
{
	archiveVersion = 1;
	classes = {
	};
	objectVersion = 46;
	objects = {

/* Begin PBXBuildFile section */
		2503D3A51BDA5E2A0078C0F0 /* DetailController.swift in Sources */ = {isa = PBXBuildFile; fileRef = 2503D3A41BDA5E2A0078C0F0 /* DetailController.swift */; settings = {ASSET_TAGS = (); }; };
		2503D3A71BDEA6A50078C0F0 /* SKMapView+IsCoordinateVisible.swift in Sources */ = {isa = PBXBuildFile; fileRef = 2503D3A61BDEA6A50078C0F0 /* SKMapView+IsCoordinateVisible.swift */; settings = {ASSET_TAGS = (); }; };
		2503D3AA1BDF7CFB0078C0F0 /* SubController.swift in Sources */ = {isa = PBXBuildFile; fileRef = 2503D3A91BDF7CFB0078C0F0 /* SubController.swift */; settings = {ASSET_TAGS = (); }; };
		2503D3AC1BE0DA430078C0F0 /* FilterController.swift in Sources */ = {isa = PBXBuildFile; fileRef = 2503D3AB1BE0DA430078C0F0 /* FilterController.swift */; settings = {ASSET_TAGS = (); }; };
		2503D3AE1BE1330E0078C0F0 /* FilterBox.xib in Resources */ = {isa = PBXBuildFile; fileRef = 2503D3AD1BE1330E0078C0F0 /* FilterBox.xib */; settings = {ASSET_TAGS = (); }; };
		2503D3B01BE133290078C0F0 /* FilterBox.swift in Sources */ = {isa = PBXBuildFile; fileRef = 2503D3AF1BE133290078C0F0 /* FilterBox.swift */; settings = {ASSET_TAGS = (); }; };
		250651EB1BD264B7002C3883 /* UIImageView+DonwnloadImage.swift in Sources */ = {isa = PBXBuildFile; fileRef = 250651EA1BD264B7002C3883 /* UIImageView+DonwnloadImage.swift */; };
		25243E641BC410F400EF5F64 /* Region.swift in Sources */ = {isa = PBXBuildFile; fileRef = 25243E631BC410F400EF5F64 /* Region.swift */; };
		25243E661BC4110E00EF5F64 /* GuideItem.swift in Sources */ = {isa = PBXBuildFile; fileRef = 25243E651BC4110E00EF5F64 /* GuideItem.swift */; };
		254091021C0C684100A2002F /* ErrorHandler.swift in Sources */ = {isa = PBXBuildFile; fileRef = 254091011C0C684100A2002F /* ErrorHandler.swift */; settings = {ASSET_TAGS = (); }; };
		257922C71BA308A9005EA785 /* Attraction.swift in Sources */ = {isa = PBXBuildFile; fileRef = 257922C61BA308A9005EA785 /* Attraction.swift */; };
		257922CE1BA34444005EA785 /* SKMaps.bundle in Resources */ = {isa = PBXBuildFile; fileRef = 25C9DFF51B9CD90E00C516C1 /* SKMaps.bundle */; };
		257922D21BA48697005EA785 /* SwiftyJSON.swift in Sources */ = {isa = PBXBuildFile; fileRef = 257922D11BA48697005EA785 /* SwiftyJSON.swift */; };
		257922D41BA488EB005EA785 /* DataManager.swift in Sources */ = {isa = PBXBuildFile; fileRef = 257922D31BA488EB005EA785 /* DataManager.swift */; };
		25B506871BB3F33900A36BA1 /* Podfile in Resources */ = {isa = PBXBuildFile; fileRef = 25B506861BB3F33900A36BA1 /* Podfile */; };
		25B5068B1BB3FD5800A36BA1 /* RootController.swift in Sources */ = {isa = PBXBuildFile; fileRef = 25B5068A1BB3FD5800A36BA1 /* RootController.swift */; };
		25B5068F1BB4009600A36BA1 /* ChooseAttractionView.swift in Sources */ = {isa = PBXBuildFile; fileRef = 25B5068E1BB4009600A36BA1 /* ChooseAttractionView.swift */; };
		25B506911BB401F400A36BA1 /* ImageLabelView.swift in Sources */ = {isa = PBXBuildFile; fileRef = 25B506901BB401F400A36BA1 /* ImageLabelView.swift */; };
		25C9DFD11B9CD84200C516C1 /* AppDelegate.swift in Sources */ = {isa = PBXBuildFile; fileRef = 25C9DFD01B9CD84200C516C1 /* AppDelegate.swift */; };
		25C9DFD31B9CD84200C516C1 /* MapDisplayViewController.swift in Sources */ = {isa = PBXBuildFile; fileRef = 25C9DFD21B9CD84200C516C1 /* MapDisplayViewController.swift */; };
		25C9DFD61B9CD84200C516C1 /* Main.storyboard in Resources */ = {isa = PBXBuildFile; fileRef = 25C9DFD41B9CD84200C516C1 /* Main.storyboard */; };
		25C9DFD81B9CD84200C516C1 /* Images.xcassets in Resources */ = {isa = PBXBuildFile; fileRef = 25C9DFD71B9CD84200C516C1 /* Images.xcassets */; };
		25C9DFDB1B9CD84200C516C1 /* LaunchScreen.xib in Resources */ = {isa = PBXBuildFile; fileRef = 25C9DFD91B9CD84200C516C1 /* LaunchScreen.xib */; };
		25C9DFE71B9CD84200C516C1 /* TripfingerTests.swift in Sources */ = {isa = PBXBuildFile; fileRef = 25C9DFE61B9CD84200C516C1 /* TripfingerTests.swift */; };
		25C9DFF11B9CD8B300C516C1 /* SKMaps.framework in Frameworks */ = {isa = PBXBuildFile; fileRef = 25C9DFF01B9CD8B300C516C1 /* SKMaps.framework */; };
		25C9DFF31B9CD8DC00C516C1 /* SKMaps.framework in Embed Frameworks */ = {isa = PBXBuildFile; fileRef = 25C9DFF01B9CD8B300C516C1 /* SKMaps.framework */; settings = {ATTRIBUTES = (CodeSignOnCopy, RemoveHeadersOnCopy, ); }; };
		25C9DFF61B9CD90E00C516C1 /* SKMaps.bundle in Resources */ = {isa = PBXBuildFile; fileRef = 25C9DFF51B9CD90E00C516C1 /* SKMaps.bundle */; };
		25C9DFF81B9CD97000C516C1 /* UIKit.framework in Frameworks */ = {isa = PBXBuildFile; fileRef = 25C9DFF71B9CD97000C516C1 /* UIKit.framework */; };
		25C9DFFA1B9CD98000C516C1 /* Foundation.framework in Frameworks */ = {isa = PBXBuildFile; fileRef = 25C9DFF91B9CD98000C516C1 /* Foundation.framework */; };
		25C9DFFC1B9CD98D00C516C1 /* CoreLocation.framework in Frameworks */ = {isa = PBXBuildFile; fileRef = 25C9DFFB1B9CD98D00C516C1 /* CoreLocation.framework */; };
		25C9DFFE1B9CD99E00C516C1 /* OpenGLES.framework in Frameworks */ = {isa = PBXBuildFile; fileRef = 25C9DFFD1B9CD99E00C516C1 /* OpenGLES.framework */; };
		25C9E0001B9CD9A800C516C1 /* QuartzCore.framework in Frameworks */ = {isa = PBXBuildFile; fileRef = 25C9DFFF1B9CD9A800C516C1 /* QuartzCore.framework */; };
		25C9E0021B9CD9B500C516C1 /* CoreGraphics.framework in Frameworks */ = {isa = PBXBuildFile; fileRef = 25C9E0011B9CD9B500C516C1 /* CoreGraphics.framework */; };
		25C9E0041B9CD9BE00C516C1 /* CoreMotion.framework in Frameworks */ = {isa = PBXBuildFile; fileRef = 25C9E0031B9CD9BE00C516C1 /* CoreMotion.framework */; };
		25C9E0061B9CD9D100C516C1 /* libz.dylib in Frameworks */ = {isa = PBXBuildFile; fileRef = 25C9E0051B9CD9D100C516C1 /* libz.dylib */; };
		25C9E0081B9CD9E000C516C1 /* libc++.dylib in Frameworks */ = {isa = PBXBuildFile; fileRef = 25C9E0071B9CD9E000C516C1 /* libc++.dylib */; };
		25D281C71BFB67760069BE86 /* DownloadService.swift in Sources */ = {isa = PBXBuildFile; fileRef = 25D281C61BFB67760069BE86 /* DownloadService.swift */; settings = {ASSET_TAGS = (); }; };
		25D281C91BFB69B80069BE86 /* DownloadController.swift in Sources */ = {isa = PBXBuildFile; fileRef = 25D281C81BFB69B80069BE86 /* DownloadController.swift */; settings = {ASSET_TAGS = (); }; };
		25D281CD1BFBB6B30069BE86 /* GuideItemImage.swift in Sources */ = {isa = PBXBuildFile; fileRef = 25D281CC1BFBB6B30069BE86 /* GuideItemImage.swift */; settings = {ASSET_TAGS = (); }; };
		25D281CF1BFCB0E10069BE86 /* OfflineService.swift in Sources */ = {isa = PBXBuildFile; fileRef = 25D281CE1BFCB0E10069BE86 /* OfflineService.swift */; settings = {ASSET_TAGS = (); }; };
		25D281D11BFDC9190069BE86 /* NSURL+GetDirectory.swift in Sources */ = {isa = PBXBuildFile; fileRef = 25D281D01BFDC9190069BE86 /* NSURL+GetDirectory.swift */; settings = {ASSET_TAGS = (); }; };
		25D281D31BFDD7560069BE86 /* UIImage+CropAndResize.swift in Sources */ = {isa = PBXBuildFile; fileRef = 25D281D21BFDD7560069BE86 /* UIImage+CropAndResize.swift */; settings = {ASSET_TAGS = (); }; };
		25D436301BD538810016E362 /* SearchViewController.swift in Sources */ = {isa = PBXBuildFile; fileRef = 25D4362F1BD538810016E362 /* SearchViewController.swift */; settings = {ASSET_TAGS = (); }; };
		25D436321BD548400016E362 /* SearchService.swift in Sources */ = {isa = PBXBuildFile; fileRef = 25D436311BD548400016E362 /* SearchService.swift */; settings = {ASSET_TAGS = (); }; };
		25D436361BD5546A0016E362 /* SearchServiceTest.swift in Sources */ = {isa = PBXBuildFile; fileRef = 25D436351BD5546A0016E362 /* SearchServiceTest.swift */; settings = {ASSET_TAGS = (); }; };
		25D4363A1BD57BAF0016E362 /* MultiStepSearch.m in Sources */ = {isa = PBXBuildFile; fileRef = 25D436391BD57BAF0016E362 /* MultiStepSearch.m */; settings = {ASSET_TAGS = (); }; };
		25D4363D1BD6F05E0016E362 /* SyncManager.swift in Sources */ = {isa = PBXBuildFile; fileRef = 25D4363C1BD6F05E0016E362 /* SyncManager.swift */; settings = {ASSET_TAGS = (); }; };
		25D436411BD7B5F90016E362 /* SearchResult.swift in Sources */ = {isa = PBXBuildFile; fileRef = 25D436401BD7B5F80016E362 /* SearchResult.swift */; settings = {ASSET_TAGS = (); }; };
		25D436431BDA3A680016E362 /* SwipeController.swift in Sources */ = {isa = PBXBuildFile; fileRef = 25D436421BDA3A680016E362 /* SwipeController.swift */; settings = {ASSET_TAGS = (); }; };
		25D436451BDA4B010016E362 /* ListController.swift in Sources */ = {isa = PBXBuildFile; fileRef = 25D436441BDA4B000016E362 /* ListController.swift */; settings = {ASSET_TAGS = (); }; };
		25D436471BDA4C560016E362 /* ListingCell.xib in Resources */ = {isa = PBXBuildFile; fileRef = 25D436461BDA4C560016E362 /* ListingCell.xib */; settings = {ASSET_TAGS = (); }; };
		25D436491BDA50570016E362 /* ListingCell.swift in Sources */ = {isa = PBXBuildFile; fileRef = 25D436481BDA50570016E362 /* ListingCell.swift */; settings = {ASSET_TAGS = (); }; };
		25D707BA1BC6606E005A4BBA /* GuideController.swift in Sources */ = {isa = PBXBuildFile; fileRef = 25D707B91BC6606E005A4BBA /* GuideController.swift */; };
		25D707BF1BC669E6005A4BBA /* CategoryCell.xib in Resources */ = {isa = PBXBuildFile; fileRef = 25D707BE1BC669E6005A4BBA /* CategoryCell.xib */; };
		25D707C11BC66A15005A4BBA /* TextChild.xib in Resources */ = {isa = PBXBuildFile; fileRef = 25D707C01BC66A15005A4BBA /* TextChild.xib */; };
		25D707C31BC6BAA8005A4BBA /* Session.swift in Sources */ = {isa = PBXBuildFile; fileRef = 25D707C21BC6BAA8005A4BBA /* Session.swift */; };
		25D707C61BC6BC34005A4BBA /* ContentService.swift in Sources */ = {isa = PBXBuildFile; fileRef = 25D707C51BC6BC34005A4BBA /* ContentService.swift */; };
		25D707C81BC6CD05005A4BBA /* GuideText.swift in Sources */ = {isa = PBXBuildFile; fileRef = 25D707C71BC6CD05005A4BBA /* GuideText.swift */; };
		25D707CA1BC6CD31005A4BBA /* GuideListing.swift in Sources */ = {isa = PBXBuildFile; fileRef = 25D707C91BC6CD31005A4BBA /* GuideListing.swift */; };
		25D707CC1BC6D05B005A4BBA /* GuideItemCell.swift in Sources */ = {isa = PBXBuildFile; fileRef = 25D707CB1BC6D05B005A4BBA /* GuideItemCell.swift */; };
		25D707CE1BC82232005A4BBA /* CategoryCell.swift in Sources */ = {isa = PBXBuildFile; fileRef = 25D707CD1BC82231005A4BBA /* CategoryCell.swift */; };
		25D707D01BC98B0D005A4BBA /* SwipeViewNavigationBar.swift in Sources */ = {isa = PBXBuildFile; fileRef = 25D707CF1BC98B0D005A4BBA /* SwipeViewNavigationBar.swift */; };
		25D707D31BCA7620005A4BBA /* UINib+RegisterNib.swift in Sources */ = {isa = PBXBuildFile; fileRef = 25D707D21BCA7620005A4BBA /* UINib+RegisterNib.swift */; };
		25D707D51BCA7848005A4BBA /* UIView+AddConstraints.swift in Sources */ = {isa = PBXBuildFile; fileRef = 25D707D41BCA7848005A4BBA /* UIView+AddConstraints.swift */; };
		25F048E21BCC365C002DE14E /* ContentServiceTest.swift in Sources */ = {isa = PBXBuildFile; fileRef = 25F048E11BCC365C002DE14E /* ContentServiceTest.swift */; };
		25F048E51BCC3B3B002DE14E /* SKMaps.framework in Resources */ = {isa = PBXBuildFile; fileRef = 25C9DFF01B9CD8B300C516C1 /* SKMaps.framework */; };
		25F048E71BCC4B7E002DE14E /* LoadingCell.xib in Resources */ = {isa = PBXBuildFile; fileRef = 25F048E61BCC4B7E002DE14E /* LoadingCell.xib */; };
		F15403DC29A8017C1BA97FA3 /* Pods_Tripfinger.framework in Frameworks */ = {isa = PBXBuildFile; fileRef = 6D65EBCD3D5BCD8F85D4EA0F /* Pods_Tripfinger.framework */; };
/* End PBXBuildFile section */

/* Begin PBXContainerItemProxy section */
		25C9DFE11B9CD84200C516C1 /* PBXContainerItemProxy */ = {
			isa = PBXContainerItemProxy;
			containerPortal = 25C9DFC31B9CD84200C516C1 /* Project object */;
			proxyType = 1;
			remoteGlobalIDString = 25C9DFCA1B9CD84200C516C1;
			remoteInfo = AdventureSpotter;
		};
/* End PBXContainerItemProxy section */

/* Begin PBXCopyFilesBuildPhase section */
		25C9DFF41B9CD8DC00C516C1 /* Embed Frameworks */ = {
			isa = PBXCopyFilesBuildPhase;
			buildActionMask = 2147483647;
			dstPath = "";
			dstSubfolderSpec = 10;
			files = (
				25C9DFF31B9CD8DC00C516C1 /* SKMaps.framework in Embed Frameworks */,
			);
			name = "Embed Frameworks";
			runOnlyForDeploymentPostprocessing = 0;
		};
/* End PBXCopyFilesBuildPhase section */

/* Begin PBXFileReference section */
		2503D3A41BDA5E2A0078C0F0 /* DetailController.swift */ = {isa = PBXFileReference; fileEncoding = 4; lastKnownFileType = sourcecode.swift; path = DetailController.swift; sourceTree = "<group>"; };
		2503D3A61BDEA6A50078C0F0 /* SKMapView+IsCoordinateVisible.swift */ = {isa = PBXFileReference; fileEncoding = 4; lastKnownFileType = sourcecode.swift; path = "SKMapView+IsCoordinateVisible.swift"; sourceTree = "<group>"; };
		2503D3A91BDF7CFB0078C0F0 /* SubController.swift */ = {isa = PBXFileReference; fileEncoding = 4; lastKnownFileType = sourcecode.swift; path = SubController.swift; sourceTree = "<group>"; };
		2503D3AB1BE0DA430078C0F0 /* FilterController.swift */ = {isa = PBXFileReference; fileEncoding = 4; lastKnownFileType = sourcecode.swift; path = FilterController.swift; sourceTree = "<group>"; };
		2503D3AD1BE1330E0078C0F0 /* FilterBox.xib */ = {isa = PBXFileReference; fileEncoding = 4; lastKnownFileType = file.xib; path = FilterBox.xib; sourceTree = "<group>"; };
		2503D3AF1BE133290078C0F0 /* FilterBox.swift */ = {isa = PBXFileReference; fileEncoding = 4; lastKnownFileType = sourcecode.swift; path = FilterBox.swift; sourceTree = "<group>"; };
		250651EA1BD264B7002C3883 /* UIImageView+DonwnloadImage.swift */ = {isa = PBXFileReference; fileEncoding = 4; lastKnownFileType = sourcecode.swift; path = "UIImageView+DonwnloadImage.swift"; sourceTree = "<group>"; };
		25243E631BC410F400EF5F64 /* Region.swift */ = {isa = PBXFileReference; fileEncoding = 4; lastKnownFileType = sourcecode.swift; path = Region.swift; sourceTree = "<group>"; };
		25243E651BC4110E00EF5F64 /* GuideItem.swift */ = {isa = PBXFileReference; fileEncoding = 4; lastKnownFileType = sourcecode.swift; path = GuideItem.swift; sourceTree = "<group>"; };
		254091011C0C684100A2002F /* ErrorHandler.swift */ = {isa = PBXFileReference; fileEncoding = 4; lastKnownFileType = sourcecode.swift; path = ErrorHandler.swift; sourceTree = "<group>"; };
		257922C61BA308A9005EA785 /* Attraction.swift */ = {isa = PBXFileReference; fileEncoding = 4; lastKnownFileType = sourcecode.swift; path = Attraction.swift; sourceTree = "<group>"; };
		257922D11BA48697005EA785 /* SwiftyJSON.swift */ = {isa = PBXFileReference; fileEncoding = 4; lastKnownFileType = sourcecode.swift; name = SwiftyJSON.swift; path = Tripfinger/SwiftyJSON.swift; sourceTree = "<group>"; };
		257922D31BA488EB005EA785 /* DataManager.swift */ = {isa = PBXFileReference; fileEncoding = 4; lastKnownFileType = sourcecode.swift; path = DataManager.swift; sourceTree = "<group>"; };
		25B506861BB3F33900A36BA1 /* Podfile */ = {isa = PBXFileReference; fileEncoding = 4; lastKnownFileType = text; path = Podfile; sourceTree = SOURCE_ROOT; xcLanguageSpecificationIdentifier = xcode.lang.ruby; };
		25B5068A1BB3FD5800A36BA1 /* RootController.swift */ = {isa = PBXFileReference; fileEncoding = 4; lastKnownFileType = sourcecode.swift; path = RootController.swift; sourceTree = "<group>"; };
		25B5068C1BB3FDC300A36BA1 /* BridgingHeader.h */ = {isa = PBXFileReference; lastKnownFileType = sourcecode.c.h; path = BridgingHeader.h; sourceTree = "<group>"; };
		25B5068E1BB4009600A36BA1 /* ChooseAttractionView.swift */ = {isa = PBXFileReference; fileEncoding = 4; lastKnownFileType = sourcecode.swift; path = ChooseAttractionView.swift; sourceTree = "<group>"; };
		25B506901BB401F400A36BA1 /* ImageLabelView.swift */ = {isa = PBXFileReference; fileEncoding = 4; lastKnownFileType = sourcecode.swift; path = ImageLabelView.swift; sourceTree = "<group>"; };
		25C9DFCB1B9CD84200C516C1 /* Tripfinger.app */ = {isa = PBXFileReference; explicitFileType = wrapper.application; includeInIndex = 0; path = Tripfinger.app; sourceTree = BUILT_PRODUCTS_DIR; };
		25C9DFCF1B9CD84200C516C1 /* Info.plist */ = {isa = PBXFileReference; lastKnownFileType = text.plist.xml; path = Info.plist; sourceTree = "<group>"; };
		25C9DFD01B9CD84200C516C1 /* AppDelegate.swift */ = {isa = PBXFileReference; lastKnownFileType = sourcecode.swift; path = AppDelegate.swift; sourceTree = "<group>"; };
		25C9DFD21B9CD84200C516C1 /* MapDisplayViewController.swift */ = {isa = PBXFileReference; lastKnownFileType = sourcecode.swift; path = MapDisplayViewController.swift; sourceTree = "<group>"; };
		25C9DFD51B9CD84200C516C1 /* Base */ = {isa = PBXFileReference; lastKnownFileType = file.storyboard; name = Base; path = Base.lproj/Main.storyboard; sourceTree = "<group>"; };
		25C9DFD71B9CD84200C516C1 /* Images.xcassets */ = {isa = PBXFileReference; lastKnownFileType = folder.assetcatalog; path = Images.xcassets; sourceTree = "<group>"; };
		25C9DFDA1B9CD84200C516C1 /* Base */ = {isa = PBXFileReference; lastKnownFileType = file.xib; name = Base; path = Base.lproj/LaunchScreen.xib; sourceTree = "<group>"; };
		25C9DFE01B9CD84200C516C1 /* TripfingerTests.xctest */ = {isa = PBXFileReference; explicitFileType = wrapper.cfbundle; includeInIndex = 0; path = TripfingerTests.xctest; sourceTree = BUILT_PRODUCTS_DIR; };
		25C9DFE51B9CD84200C516C1 /* Info.plist */ = {isa = PBXFileReference; lastKnownFileType = text.plist.xml; path = Info.plist; sourceTree = "<group>"; };
		25C9DFE61B9CD84200C516C1 /* TripfingerTests.swift */ = {isa = PBXFileReference; lastKnownFileType = sourcecode.swift; path = TripfingerTests.swift; sourceTree = "<group>"; };
		25C9DFF01B9CD8B300C516C1 /* SKMaps.framework */ = {isa = PBXFileReference; lastKnownFileType = wrapper.framework; path = SKMaps.framework; sourceTree = "<group>"; };
		25C9DFF51B9CD90E00C516C1 /* SKMaps.bundle */ = {isa = PBXFileReference; lastKnownFileType = "wrapper.plug-in"; path = SKMaps.bundle; sourceTree = "<group>"; };
		25C9DFF71B9CD97000C516C1 /* UIKit.framework */ = {isa = PBXFileReference; lastKnownFileType = wrapper.framework; name = UIKit.framework; path = System/Library/Frameworks/UIKit.framework; sourceTree = SDKROOT; };
		25C9DFF91B9CD98000C516C1 /* Foundation.framework */ = {isa = PBXFileReference; lastKnownFileType = wrapper.framework; name = Foundation.framework; path = System/Library/Frameworks/Foundation.framework; sourceTree = SDKROOT; };
		25C9DFFB1B9CD98D00C516C1 /* CoreLocation.framework */ = {isa = PBXFileReference; lastKnownFileType = wrapper.framework; name = CoreLocation.framework; path = System/Library/Frameworks/CoreLocation.framework; sourceTree = SDKROOT; };
		25C9DFFD1B9CD99E00C516C1 /* OpenGLES.framework */ = {isa = PBXFileReference; lastKnownFileType = wrapper.framework; name = OpenGLES.framework; path = System/Library/Frameworks/OpenGLES.framework; sourceTree = SDKROOT; };
		25C9DFFF1B9CD9A800C516C1 /* QuartzCore.framework */ = {isa = PBXFileReference; lastKnownFileType = wrapper.framework; name = QuartzCore.framework; path = System/Library/Frameworks/QuartzCore.framework; sourceTree = SDKROOT; };
		25C9E0011B9CD9B500C516C1 /* CoreGraphics.framework */ = {isa = PBXFileReference; lastKnownFileType = wrapper.framework; name = CoreGraphics.framework; path = System/Library/Frameworks/CoreGraphics.framework; sourceTree = SDKROOT; };
		25C9E0031B9CD9BE00C516C1 /* CoreMotion.framework */ = {isa = PBXFileReference; lastKnownFileType = wrapper.framework; name = CoreMotion.framework; path = System/Library/Frameworks/CoreMotion.framework; sourceTree = SDKROOT; };
		25C9E0051B9CD9D100C516C1 /* libz.dylib */ = {isa = PBXFileReference; lastKnownFileType = "compiled.mach-o.dylib"; name = libz.dylib; path = usr/lib/libz.dylib; sourceTree = SDKROOT; };
		25C9E0071B9CD9E000C516C1 /* libc++.dylib */ = {isa = PBXFileReference; lastKnownFileType = "compiled.mach-o.dylib"; name = "libc++.dylib"; path = "usr/lib/libc++.dylib"; sourceTree = SDKROOT; };
		25D281C61BFB67760069BE86 /* DownloadService.swift */ = {isa = PBXFileReference; fileEncoding = 4; lastKnownFileType = sourcecode.swift; path = DownloadService.swift; sourceTree = "<group>"; };
		25D281C81BFB69B80069BE86 /* DownloadController.swift */ = {isa = PBXFileReference; fileEncoding = 4; lastKnownFileType = sourcecode.swift; path = DownloadController.swift; sourceTree = "<group>"; };
		25D281CC1BFBB6B30069BE86 /* GuideItemImage.swift */ = {isa = PBXFileReference; fileEncoding = 4; lastKnownFileType = sourcecode.swift; path = GuideItemImage.swift; sourceTree = "<group>"; };
		25D281CE1BFCB0E10069BE86 /* OfflineService.swift */ = {isa = PBXFileReference; fileEncoding = 4; lastKnownFileType = sourcecode.swift; path = OfflineService.swift; sourceTree = "<group>"; };
		25D281D01BFDC9190069BE86 /* NSURL+GetDirectory.swift */ = {isa = PBXFileReference; fileEncoding = 4; lastKnownFileType = sourcecode.swift; path = "NSURL+GetDirectory.swift"; sourceTree = "<group>"; };
		25D281D21BFDD7560069BE86 /* UIImage+CropAndResize.swift */ = {isa = PBXFileReference; fileEncoding = 4; lastKnownFileType = sourcecode.swift; path = "UIImage+CropAndResize.swift"; sourceTree = "<group>"; };
		25D4362F1BD538810016E362 /* SearchViewController.swift */ = {isa = PBXFileReference; fileEncoding = 4; lastKnownFileType = sourcecode.swift; path = SearchViewController.swift; sourceTree = "<group>"; };
		25D436311BD548400016E362 /* SearchService.swift */ = {isa = PBXFileReference; fileEncoding = 4; lastKnownFileType = sourcecode.swift; path = SearchService.swift; sourceTree = "<group>"; };
		25D436351BD5546A0016E362 /* SearchServiceTest.swift */ = {isa = PBXFileReference; fileEncoding = 4; lastKnownFileType = sourcecode.swift; path = SearchServiceTest.swift; sourceTree = "<group>"; };
		25D436381BD57BAF0016E362 /* MultiStepSearch.h */ = {isa = PBXFileReference; fileEncoding = 4; lastKnownFileType = sourcecode.c.h; path = MultiStepSearch.h; sourceTree = "<group>"; };
		25D436391BD57BAF0016E362 /* MultiStepSearch.m */ = {isa = PBXFileReference; fileEncoding = 4; lastKnownFileType = sourcecode.c.objc; path = MultiStepSearch.m; sourceTree = "<group>"; };
		25D4363C1BD6F05E0016E362 /* SyncManager.swift */ = {isa = PBXFileReference; fileEncoding = 4; lastKnownFileType = sourcecode.swift; path = SyncManager.swift; sourceTree = "<group>"; };
		25D436401BD7B5F80016E362 /* SearchResult.swift */ = {isa = PBXFileReference; fileEncoding = 4; lastKnownFileType = sourcecode.swift; path = SearchResult.swift; sourceTree = "<group>"; };
		25D436421BDA3A680016E362 /* SwipeController.swift */ = {isa = PBXFileReference; fileEncoding = 4; lastKnownFileType = sourcecode.swift; path = SwipeController.swift; sourceTree = "<group>"; };
		25D436441BDA4B000016E362 /* ListController.swift */ = {isa = PBXFileReference; fileEncoding = 4; lastKnownFileType = sourcecode.swift; path = ListController.swift; sourceTree = "<group>"; };
		25D436461BDA4C560016E362 /* ListingCell.xib */ = {isa = PBXFileReference; fileEncoding = 4; lastKnownFileType = file.xib; path = ListingCell.xib; sourceTree = "<group>"; };
		25D436481BDA50570016E362 /* ListingCell.swift */ = {isa = PBXFileReference; fileEncoding = 4; lastKnownFileType = sourcecode.swift; path = ListingCell.swift; sourceTree = "<group>"; };
		25D707B91BC6606E005A4BBA /* GuideController.swift */ = {isa = PBXFileReference; fileEncoding = 4; lastKnownFileType = sourcecode.swift; path = GuideController.swift; sourceTree = "<group>"; };
		25D707BE1BC669E6005A4BBA /* CategoryCell.xib */ = {isa = PBXFileReference; fileEncoding = 4; lastKnownFileType = file.xib; path = CategoryCell.xib; sourceTree = "<group>"; };
		25D707C01BC66A15005A4BBA /* TextChild.xib */ = {isa = PBXFileReference; fileEncoding = 4; lastKnownFileType = file.xib; path = TextChild.xib; sourceTree = "<group>"; };
		25D707C21BC6BAA8005A4BBA /* Session.swift */ = {isa = PBXFileReference; fileEncoding = 4; lastKnownFileType = sourcecode.swift; path = Session.swift; sourceTree = "<group>"; };
		25D707C51BC6BC34005A4BBA /* ContentService.swift */ = {isa = PBXFileReference; fileEncoding = 4; lastKnownFileType = sourcecode.swift; path = ContentService.swift; sourceTree = "<group>"; };
		25D707C71BC6CD05005A4BBA /* GuideText.swift */ = {isa = PBXFileReference; fileEncoding = 4; lastKnownFileType = sourcecode.swift; path = GuideText.swift; sourceTree = "<group>"; };
		25D707C91BC6CD31005A4BBA /* GuideListing.swift */ = {isa = PBXFileReference; fileEncoding = 4; lastKnownFileType = sourcecode.swift; path = GuideListing.swift; sourceTree = "<group>"; };
		25D707CB1BC6D05B005A4BBA /* GuideItemCell.swift */ = {isa = PBXFileReference; fileEncoding = 4; lastKnownFileType = sourcecode.swift; path = GuideItemCell.swift; sourceTree = "<group>"; };
		25D707CD1BC82231005A4BBA /* CategoryCell.swift */ = {isa = PBXFileReference; fileEncoding = 4; lastKnownFileType = sourcecode.swift; path = CategoryCell.swift; sourceTree = "<group>"; };
		25D707CF1BC98B0D005A4BBA /* SwipeViewNavigationBar.swift */ = {isa = PBXFileReference; fileEncoding = 4; lastKnownFileType = sourcecode.swift; path = SwipeViewNavigationBar.swift; sourceTree = "<group>"; };
		25D707D21BCA7620005A4BBA /* UINib+RegisterNib.swift */ = {isa = PBXFileReference; fileEncoding = 4; lastKnownFileType = sourcecode.swift; path = "UINib+RegisterNib.swift"; sourceTree = "<group>"; };
		25D707D41BCA7848005A4BBA /* UIView+AddConstraints.swift */ = {isa = PBXFileReference; fileEncoding = 4; lastKnownFileType = sourcecode.swift; path = "UIView+AddConstraints.swift"; sourceTree = "<group>"; };
		25F048E11BCC365C002DE14E /* ContentServiceTest.swift */ = {isa = PBXFileReference; fileEncoding = 4; lastKnownFileType = sourcecode.swift; path = ContentServiceTest.swift; sourceTree = "<group>"; };
		25F048E61BCC4B7E002DE14E /* LoadingCell.xib */ = {isa = PBXFileReference; fileEncoding = 4; lastKnownFileType = file.xib; path = LoadingCell.xib; sourceTree = "<group>"; };
		2E67C6EFCB47ABD4F936CCBC /* Pods-Tripfinger.debug.xcconfig */ = {isa = PBXFileReference; includeInIndex = 1; lastKnownFileType = text.xcconfig; name = "Pods-Tripfinger.debug.xcconfig"; path = "Pods/Target Support Files/Pods-Tripfinger/Pods-Tripfinger.debug.xcconfig"; sourceTree = "<group>"; };
		356EFCE331E62CA7B8254017 /* Pods-Tripfinger.release.xcconfig */ = {isa = PBXFileReference; includeInIndex = 1; lastKnownFileType = text.xcconfig; name = "Pods-Tripfinger.release.xcconfig"; path = "Pods/Target Support Files/Pods-Tripfinger/Pods-Tripfinger.release.xcconfig"; sourceTree = "<group>"; };
		6D65EBCD3D5BCD8F85D4EA0F /* Pods_Tripfinger.framework */ = {isa = PBXFileReference; explicitFileType = wrapper.framework; includeInIndex = 0; path = Pods_Tripfinger.framework; sourceTree = BUILT_PRODUCTS_DIR; };
		6F282B37EC8CE065ECCEE238 /* Pods-Tripfinger.debug.xcconfig */ = {isa = PBXFileReference; includeInIndex = 1; lastKnownFileType = text.xcconfig; name = "Pods-Tripfinger.debug.xcconfig"; path = "Pods/Target Support Files/Pods-Tripfinger/Pods-Tripfinger.debug.xcconfig"; sourceTree = "<group>"; };
		C07551D86C743CDF471C2520 /* Pods-Tripfinger.release.xcconfig */ = {isa = PBXFileReference; includeInIndex = 1; lastKnownFileType = text.xcconfig; name = "Pods-Tripfinger.release.xcconfig"; path = "Pods/Target Support Files/Pods-Tripfinger/Pods-Tripfinger.release.xcconfig"; sourceTree = "<group>"; };
/* End PBXFileReference section */

/* Begin PBXFrameworksBuildPhase section */
		25C9DFC81B9CD84200C516C1 /* Frameworks */ = {
			isa = PBXFrameworksBuildPhase;
			buildActionMask = 2147483647;
			files = (
				25C9E0081B9CD9E000C516C1 /* libc++.dylib in Frameworks */,
				25C9E0061B9CD9D100C516C1 /* libz.dylib in Frameworks */,
				25C9E0041B9CD9BE00C516C1 /* CoreMotion.framework in Frameworks */,
				25C9E0021B9CD9B500C516C1 /* CoreGraphics.framework in Frameworks */,
				25C9E0001B9CD9A800C516C1 /* QuartzCore.framework in Frameworks */,
				25C9DFFE1B9CD99E00C516C1 /* OpenGLES.framework in Frameworks */,
				25C9DFFC1B9CD98D00C516C1 /* CoreLocation.framework in Frameworks */,
				25C9DFFA1B9CD98000C516C1 /* Foundation.framework in Frameworks */,
				25C9DFF81B9CD97000C516C1 /* UIKit.framework in Frameworks */,
				25C9DFF11B9CD8B300C516C1 /* SKMaps.framework in Frameworks */,
				F15403DC29A8017C1BA97FA3 /* Pods_Tripfinger.framework in Frameworks */,
			);
			runOnlyForDeploymentPostprocessing = 0;
		};
		25C9DFDD1B9CD84200C516C1 /* Frameworks */ = {
			isa = PBXFrameworksBuildPhase;
			buildActionMask = 2147483647;
			files = (
			);
			runOnlyForDeploymentPostprocessing = 0;
		};
/* End PBXFrameworksBuildPhase section */

/* Begin PBXGroup section */
		250651EC1BD40F89002C3883 /* Libraries */ = {
			isa = PBXGroup;
			children = (
				257922CD1BA34429005EA785 /* Resources */,
				25A940AE1BA1AF7B0077C2E5 /* Frameworks */,
				25C9DFCC1B9CD84200C516C1 /* Products */,
				AC2F5AA79EC14D61943B87DD /* Pods */,
			);
			name = Libraries;
			sourceTree = "<group>";
		};
		25243E671BC411AC00EF5F64 /* Utils */ = {
			isa = PBXGroup;
			children = (
				25B5068C1BB3FDC300A36BA1 /* BridgingHeader.h */,
				257922D31BA488EB005EA785 /* DataManager.swift */,
				25D281D01BFDC9190069BE86 /* NSURL+GetDirectory.swift */,
				2503D3A61BDEA6A50078C0F0 /* SKMapView+IsCoordinateVisible.swift */,
				25D4363C1BD6F05E0016E362 /* SyncManager.swift */,
				25D281D21BFDD7560069BE86 /* UIImage+CropAndResize.swift */,
				250651EA1BD264B7002C3883 /* UIImageView+DonwnloadImage.swift */,
				25D707D21BCA7620005A4BBA /* UINib+RegisterNib.swift */,
				25D707D41BCA7848005A4BBA /* UIView+AddConstraints.swift */,
				254091011C0C684100A2002F /* ErrorHandler.swift */,
			);
			name = Utils;
			sourceTree = "<group>";
		};
		257922CD1BA34429005EA785 /* Resources */ = {
			isa = PBXGroup;
			children = (
				25C9DFF51B9CD90E00C516C1 /* SKMaps.bundle */,
			);
			name = Resources;
			sourceTree = "<group>";
		};
		25A940AE1BA1AF7B0077C2E5 /* Frameworks */ = {
			isa = PBXGroup;
			children = (
				257922D11BA48697005EA785 /* SwiftyJSON.swift */,
				25C9DFF01B9CD8B300C516C1 /* SKMaps.framework */,
				25C9E0071B9CD9E000C516C1 /* libc++.dylib */,
				25C9E0051B9CD9D100C516C1 /* libz.dylib */,
				25C9E0031B9CD9BE00C516C1 /* CoreMotion.framework */,
				25C9E0011B9CD9B500C516C1 /* CoreGraphics.framework */,
				25C9DFFF1B9CD9A800C516C1 /* QuartzCore.framework */,
				25C9DFFD1B9CD99E00C516C1 /* OpenGLES.framework */,
				25C9DFFB1B9CD98D00C516C1 /* CoreLocation.framework */,
				25C9DFF91B9CD98000C516C1 /* Foundation.framework */,
				25C9DFF71B9CD97000C516C1 /* UIKit.framework */,
				6D65EBCD3D5BCD8F85D4EA0F /* Pods_Tripfinger.framework */,
			);
			name = Frameworks;
			sourceTree = "<group>";
		};
		25B506881BB3FD1C00A36BA1 /* Model */ = {
			isa = PBXGroup;
			children = (
				257922C61BA308A9005EA785 /* Attraction.swift */,
				25243E631BC410F400EF5F64 /* Region.swift */,
				25243E651BC4110E00EF5F64 /* GuideItem.swift */,
				25D707C21BC6BAA8005A4BBA /* Session.swift */,
				25D707C71BC6CD05005A4BBA /* GuideText.swift */,
				25D707C91BC6CD31005A4BBA /* GuideListing.swift */,
				25D436401BD7B5F80016E362 /* SearchResult.swift */,
				25D281CC1BFBB6B30069BE86 /* GuideItemImage.swift */,
			);
			name = Model;
			sourceTree = "<group>";
		};
		25B506891BB3FD4800A36BA1 /* Controllers */ = {
			isa = PBXGroup;
			children = (
				2503D3A41BDA5E2A0078C0F0 /* DetailController.swift */,
				25D281C81BFB69B80069BE86 /* DownloadController.swift */,
				2503D3AB1BE0DA430078C0F0 /* FilterController.swift */,
				25D707B91BC6606E005A4BBA /* GuideController.swift */,
				25D436441BDA4B000016E362 /* ListController.swift */,
				25C9DFD21B9CD84200C516C1 /* MapDisplayViewController.swift */,
				25B5068A1BB3FD5800A36BA1 /* RootController.swift */,
				25D4362F1BD538810016E362 /* SearchViewController.swift */,
				2503D3A91BDF7CFB0078C0F0 /* SubController.swift */,
				25D436421BDA3A680016E362 /* SwipeController.swift */,
			);
			name = Controllers;
			sourceTree = "<group>";
		};
		25C9DFC21B9CD84200C516C1 = {
			isa = PBXGroup;
			children = (
				250651EC1BD40F89002C3883 /* Libraries */,
				25C9DFCD1B9CD84200C516C1 /* Tripfinger */,
				25C9DFE31B9CD84200C516C1 /* TripfingerTests */,
				DC9F3E50233573A0D4A8AF6D /* Pods */,
				F082A5E4983C2FEBAAE9AFA6 /* Frameworks */,
			);
			sourceTree = "<group>";
		};
		25C9DFCC1B9CD84200C516C1 /* Products */ = {
			isa = PBXGroup;
			children = (
				25C9DFCB1B9CD84200C516C1 /* Tripfinger.app */,
				25C9DFE01B9CD84200C516C1 /* TripfingerTests.xctest */,
			);
			name = Products;
			sourceTree = "<group>";
		};
		25C9DFCD1B9CD84200C516C1 /* Tripfinger */ = {
			isa = PBXGroup;
			children = (
				25C9DFD01B9CD84200C516C1 /* AppDelegate.swift */,
				25B506891BB3FD4800A36BA1 /* Controllers */,
				25C9DFD71B9CD84200C516C1 /* Images.xcassets */,
				25C9DFD41B9CD84200C516C1 /* Main.storyboard */,
				25B506881BB3FD1C00A36BA1 /* Model */,
				25D707C41BC6BC25005A4BBA /* Service */,
				25C9DFCE1B9CD84200C516C1 /* Supporting Files */,
				25D707BB1BC66145005A4BBA /* UI Components */,
				25243E671BC411AC00EF5F64 /* Utils */,
			);
			path = Tripfinger;
			sourceTree = "<group>";
		};
		25C9DFCE1B9CD84200C516C1 /* Supporting Files */ = {
			isa = PBXGroup;
			children = (
				25C9DFD91B9CD84200C516C1 /* LaunchScreen.xib */,
				25B506861BB3F33900A36BA1 /* Podfile */,
				25C9DFCF1B9CD84200C516C1 /* Info.plist */,
			);
			name = "Supporting Files";
			sourceTree = "<group>";
		};
		25C9DFE31B9CD84200C516C1 /* TripfingerTests */ = {
			isa = PBXGroup;
			children = (
				25F048E11BCC365C002DE14E /* ContentServiceTest.swift */,
				25C9DFE41B9CD84200C516C1 /* Supporting Files */,
				25C9DFE61B9CD84200C516C1 /* TripfingerTests.swift */,
				25D436351BD5546A0016E362 /* SearchServiceTest.swift */,
			);
			path = TripfingerTests;
			sourceTree = "<group>";
		};
		25C9DFE41B9CD84200C516C1 /* Supporting Files */ = {
			isa = PBXGroup;
			children = (
				25C9DFE51B9CD84200C516C1 /* Info.plist */,
			);
			name = "Supporting Files";
			sourceTree = "<group>";
		};
		25D707BB1BC66145005A4BBA /* UI Components */ = {
			isa = PBXGroup;
			children = (
				25D707CD1BC82231005A4BBA /* CategoryCell.swift */,
				25D707BE1BC669E6005A4BBA /* CategoryCell.xib */,
				25B5068E1BB4009600A36BA1 /* ChooseAttractionView.swift */,
				2503D3AF1BE133290078C0F0 /* FilterBox.swift */,
				2503D3AD1BE1330E0078C0F0 /* FilterBox.xib */,
				25D707CB1BC6D05B005A4BBA /* GuideItemCell.swift */,
				25B506901BB401F400A36BA1 /* ImageLabelView.swift */,
				25D436481BDA50570016E362 /* ListingCell.swift */,
				25D436461BDA4C560016E362 /* ListingCell.xib */,
				25F048E61BCC4B7E002DE14E /* LoadingCell.xib */,
				25D707CF1BC98B0D005A4BBA /* SwipeViewNavigationBar.swift */,
				25D707C01BC66A15005A4BBA /* TextChild.xib */,
			);
			name = "UI Components";
			sourceTree = "<group>";
		};
		25D707C41BC6BC25005A4BBA /* Service */ = {
			isa = PBXGroup;
			children = (
				25D707C51BC6BC34005A4BBA /* ContentService.swift */,
				25D281C61BFB67760069BE86 /* DownloadService.swift */,
				25D436381BD57BAF0016E362 /* MultiStepSearch.h */,
				25D436391BD57BAF0016E362 /* MultiStepSearch.m */,
				25D281CE1BFCB0E10069BE86 /* OfflineService.swift */,
				25D436311BD548400016E362 /* SearchService.swift */,
			);
			name = Service;
			sourceTree = "<group>";
		};
		AC2F5AA79EC14D61943B87DD /* Pods */ = {
			isa = PBXGroup;
			children = (
				6F282B37EC8CE065ECCEE238 /* Pods-Tripfinger.debug.xcconfig */,
				356EFCE331E62CA7B8254017 /* Pods-Tripfinger.release.xcconfig */,
			);
			name = Pods;
			sourceTree = "<group>";
		};
		DC9F3E50233573A0D4A8AF6D /* Pods */ = {
			isa = PBXGroup;
			children = (
				2E67C6EFCB47ABD4F936CCBC /* Pods-Tripfinger.debug.xcconfig */,
				C07551D86C743CDF471C2520 /* Pods-Tripfinger.release.xcconfig */,
			);
			name = Pods;
			sourceTree = "<group>";
		};
		F082A5E4983C2FEBAAE9AFA6 /* Frameworks */ = {
			isa = PBXGroup;
			children = (
			);
			name = Frameworks;
			sourceTree = "<group>";
		};
/* End PBXGroup section */

/* Begin PBXNativeTarget section */
		25C9DFCA1B9CD84200C516C1 /* Tripfinger */ = {
			isa = PBXNativeTarget;
			buildConfigurationList = 25C9DFEA1B9CD84200C516C1 /* Build configuration list for PBXNativeTarget "Tripfinger" */;
			buildPhases = (
				88DB0249FD790745C4ECDE4A /* Check Pods Manifest.lock */,
				25C9DFC71B9CD84200C516C1 /* Sources */,
				25C9DFC81B9CD84200C516C1 /* Frameworks */,
				25C9DFC91B9CD84200C516C1 /* Resources */,
				25C9DFF41B9CD8DC00C516C1 /* Embed Frameworks */,
				CD43A831BA801A1DFF106FBA /* Embed Pods Frameworks */,
				15BA807E4B0E01A50837D279 /* Copy Pods Resources */,
			);
			buildRules = (
			);
			dependencies = (
			);
			name = Tripfinger;
			productName = AdventureSpotter;
			productReference = 25C9DFCB1B9CD84200C516C1 /* Tripfinger.app */;
			productType = "com.apple.product-type.application";
		};
		25C9DFDF1B9CD84200C516C1 /* TripfingerTests */ = {
			isa = PBXNativeTarget;
			buildConfigurationList = 25C9DFED1B9CD84200C516C1 /* Build configuration list for PBXNativeTarget "TripfingerTests" */;
			buildPhases = (
				25C9DFDC1B9CD84200C516C1 /* Sources */,
				25C9DFDD1B9CD84200C516C1 /* Frameworks */,
				25C9DFDE1B9CD84200C516C1 /* Resources */,
			);
			buildRules = (
			);
			dependencies = (
				25C9DFE21B9CD84200C516C1 /* PBXTargetDependency */,
			);
			name = TripfingerTests;
			productName = AdventureSpotterTests;
			productReference = 25C9DFE01B9CD84200C516C1 /* TripfingerTests.xctest */;
			productType = "com.apple.product-type.bundle.unit-test";
		};
/* End PBXNativeTarget section */

/* Begin PBXProject section */
		25C9DFC31B9CD84200C516C1 /* Project object */ = {
			isa = PBXProject;
			attributes = {
				LastSwiftMigration = 0700;
				LastSwiftUpdateCheck = 0700;
				LastUpgradeCheck = 0700;
				ORGANIZATIONNAME = "Preben Ludviksen";
				TargetAttributes = {
					25C9DFCA1B9CD84200C516C1 = {
						CreatedOnToolsVersion = 6.4;
					};
					25C9DFDF1B9CD84200C516C1 = {
						CreatedOnToolsVersion = 6.4;
						TestTargetID = 25C9DFCA1B9CD84200C516C1;
					};
				};
			};
			buildConfigurationList = 25C9DFC61B9CD84200C516C1 /* Build configuration list for PBXProject "Tripfinger" */;
			compatibilityVersion = "Xcode 3.2";
			developmentRegion = English;
			hasScannedForEncodings = 0;
			knownRegions = (
				en,
				Base,
			);
			mainGroup = 25C9DFC21B9CD84200C516C1;
			productRefGroup = 25C9DFCC1B9CD84200C516C1 /* Products */;
			projectDirPath = "";
			projectRoot = "";
			targets = (
				25C9DFCA1B9CD84200C516C1 /* Tripfinger */,
				25C9DFDF1B9CD84200C516C1 /* TripfingerTests */,
			);
		};
/* End PBXProject section */

/* Begin PBXResourcesBuildPhase section */
		25C9DFC91B9CD84200C516C1 /* Resources */ = {
			isa = PBXResourcesBuildPhase;
			buildActionMask = 2147483647;
			files = (
				25B506871BB3F33900A36BA1 /* Podfile in Resources */,
				25C9DFF61B9CD90E00C516C1 /* SKMaps.bundle in Resources */,
				25C9DFD61B9CD84200C516C1 /* Main.storyboard in Resources */,
				2503D3AE1BE1330E0078C0F0 /* FilterBox.xib in Resources */,
				25C9DFDB1B9CD84200C516C1 /* LaunchScreen.xib in Resources */,
				25D436471BDA4C560016E362 /* ListingCell.xib in Resources */,
				25C9DFD81B9CD84200C516C1 /* Images.xcassets in Resources */,
				25D707BF1BC669E6005A4BBA /* CategoryCell.xib in Resources */,
				25D707C11BC66A15005A4BBA /* TextChild.xib in Resources */,
				25F048E71BCC4B7E002DE14E /* LoadingCell.xib in Resources */,
			);
			runOnlyForDeploymentPostprocessing = 0;
		};
		25C9DFDE1B9CD84200C516C1 /* Resources */ = {
			isa = PBXResourcesBuildPhase;
			buildActionMask = 2147483647;
			files = (
				25F048E51BCC3B3B002DE14E /* SKMaps.framework in Resources */,
				257922CE1BA34444005EA785 /* SKMaps.bundle in Resources */,
			);
			runOnlyForDeploymentPostprocessing = 0;
		};
/* End PBXResourcesBuildPhase section */

/* Begin PBXShellScriptBuildPhase section */
		15BA807E4B0E01A50837D279 /* Copy Pods Resources */ = {
			isa = PBXShellScriptBuildPhase;
			buildActionMask = 2147483647;
			files = (
			);
			inputPaths = (
			);
			name = "Copy Pods Resources";
			outputPaths = (
			);
			runOnlyForDeploymentPostprocessing = 0;
			shellPath = /bin/sh;
			shellScript = "\"${SRCROOT}/Pods/Target Support Files/Pods-Tripfinger/Pods-Tripfinger-resources.sh\"\n";
			showEnvVarsInLog = 0;
		};
		88DB0249FD790745C4ECDE4A /* Check Pods Manifest.lock */ = {
			isa = PBXShellScriptBuildPhase;
			buildActionMask = 2147483647;
			files = (
			);
			inputPaths = (
			);
			name = "Check Pods Manifest.lock";
			outputPaths = (
			);
			runOnlyForDeploymentPostprocessing = 0;
			shellPath = /bin/sh;
			shellScript = "diff \"${PODS_ROOT}/../Podfile.lock\" \"${PODS_ROOT}/Manifest.lock\" > /dev/null\nif [[ $? != 0 ]] ; then\n    cat << EOM\nerror: The sandbox is not in sync with the Podfile.lock. Run 'pod install' or update your CocoaPods installation.\nEOM\n    exit 1\nfi\n";
			showEnvVarsInLog = 0;
		};
		CD43A831BA801A1DFF106FBA /* Embed Pods Frameworks */ = {
			isa = PBXShellScriptBuildPhase;
			buildActionMask = 2147483647;
			files = (
			);
			inputPaths = (
			);
			name = "Embed Pods Frameworks";
			outputPaths = (
			);
			runOnlyForDeploymentPostprocessing = 0;
			shellPath = /bin/sh;
			shellScript = "\"${SRCROOT}/Pods/Target Support Files/Pods-Tripfinger/Pods-Tripfinger-frameworks.sh\"\n";
			showEnvVarsInLog = 0;
		};
/* End PBXShellScriptBuildPhase section */

/* Begin PBXSourcesBuildPhase section */
		25C9DFC71B9CD84200C516C1 /* Sources */ = {
			isa = PBXSourcesBuildPhase;
			buildActionMask = 2147483647;
			files = (
				25D281D11BFDC9190069BE86 /* NSURL+GetDirectory.swift in Sources */,
				2503D3A51BDA5E2A0078C0F0 /* DetailController.swift in Sources */,
				25C9DFD31B9CD84200C516C1 /* MapDisplayViewController.swift in Sources */,
				2503D3A71BDEA6A50078C0F0 /* SKMapView+IsCoordinateVisible.swift in Sources */,
				25D281C91BFB69B80069BE86 /* DownloadController.swift in Sources */,
				25D281CD1BFBB6B30069BE86 /* GuideItemImage.swift in Sources */,
				25D707CE1BC82232005A4BBA /* CategoryCell.swift in Sources */,
				250651EB1BD264B7002C3883 /* UIImageView+DonwnloadImage.swift in Sources */,
				25D4363A1BD57BAF0016E362 /* MultiStepSearch.m in Sources */,
				25D707D31BCA7620005A4BBA /* UINib+RegisterNib.swift in Sources */,
				25D281CF1BFCB0E10069BE86 /* OfflineService.swift in Sources */,
				257922D41BA488EB005EA785 /* DataManager.swift in Sources */,
				25B5068B1BB3FD5800A36BA1 /* RootController.swift in Sources */,
				2503D3AC1BE0DA430078C0F0 /* FilterController.swift in Sources */,
				25D707D51BCA7848005A4BBA /* UIView+AddConstraints.swift in Sources */,
				25D436451BDA4B010016E362 /* ListController.swift in Sources */,
				25D436431BDA3A680016E362 /* SwipeController.swift in Sources */,
				2503D3AA1BDF7CFB0078C0F0 /* SubController.swift in Sources */,
				25D707D01BC98B0D005A4BBA /* SwipeViewNavigationBar.swift in Sources */,
				25D281D31BFDD7560069BE86 /* UIImage+CropAndResize.swift in Sources */,
				25D281C71BFB67760069BE86 /* DownloadService.swift in Sources */,
				25243E641BC410F400EF5F64 /* Region.swift in Sources */,
				25D436491BDA50570016E362 /* ListingCell.swift in Sources */,
				25D436411BD7B5F90016E362 /* SearchResult.swift in Sources */,
				25D707CA1BC6CD31005A4BBA /* GuideListing.swift in Sources */,
				25243E661BC4110E00EF5F64 /* GuideItem.swift in Sources */,
				25B5068F1BB4009600A36BA1 /* ChooseAttractionView.swift in Sources */,
				25D4363D1BD6F05E0016E362 /* SyncManager.swift in Sources */,
				25D436301BD538810016E362 /* SearchViewController.swift in Sources */,
				25D707C31BC6BAA8005A4BBA /* Session.swift in Sources */,
				25D707CC1BC6D05B005A4BBA /* GuideItemCell.swift in Sources */,
				2503D3B01BE133290078C0F0 /* FilterBox.swift in Sources */,
				257922C71BA308A9005EA785 /* Attraction.swift in Sources */,
				25D707C61BC6BC34005A4BBA /* ContentService.swift in Sources */,
				254091021C0C684100A2002F /* ErrorHandler.swift in Sources */,
				25B506911BB401F400A36BA1 /* ImageLabelView.swift in Sources */,
				25C9DFD11B9CD84200C516C1 /* AppDelegate.swift in Sources */,
				25D707BA1BC6606E005A4BBA /* GuideController.swift in Sources */,
				25D436321BD548400016E362 /* SearchService.swift in Sources */,
				257922D21BA48697005EA785 /* SwiftyJSON.swift in Sources */,
				25D707C81BC6CD05005A4BBA /* GuideText.swift in Sources */,
			);
			runOnlyForDeploymentPostprocessing = 0;
		};
		25C9DFDC1B9CD84200C516C1 /* Sources */ = {
			isa = PBXSourcesBuildPhase;
			buildActionMask = 2147483647;
			files = (
				25C9DFE71B9CD84200C516C1 /* TripfingerTests.swift in Sources */,
				25D436361BD5546A0016E362 /* SearchServiceTest.swift in Sources */,
				25F048E21BCC365C002DE14E /* ContentServiceTest.swift in Sources */,
			);
			runOnlyForDeploymentPostprocessing = 0;
		};
/* End PBXSourcesBuildPhase section */

/* Begin PBXTargetDependency section */
		25C9DFE21B9CD84200C516C1 /* PBXTargetDependency */ = {
			isa = PBXTargetDependency;
			target = 25C9DFCA1B9CD84200C516C1 /* Tripfinger */;
			targetProxy = 25C9DFE11B9CD84200C516C1 /* PBXContainerItemProxy */;
		};
/* End PBXTargetDependency section */

/* Begin PBXVariantGroup section */
		25C9DFD41B9CD84200C516C1 /* Main.storyboard */ = {
			isa = PBXVariantGroup;
			children = (
				25C9DFD51B9CD84200C516C1 /* Base */,
			);
			name = Main.storyboard;
			sourceTree = "<group>";
		};
		25C9DFD91B9CD84200C516C1 /* LaunchScreen.xib */ = {
			isa = PBXVariantGroup;
			children = (
				25C9DFDA1B9CD84200C516C1 /* Base */,
			);
			name = LaunchScreen.xib;
			sourceTree = "<group>";
		};
/* End PBXVariantGroup section */

/* Begin XCBuildConfiguration section */
		25C9DFE81B9CD84200C516C1 /* Debug */ = {
			isa = XCBuildConfiguration;
			buildSettings = {
				ALWAYS_SEARCH_USER_PATHS = NO;
				CLANG_CXX_LANGUAGE_STANDARD = "gnu++0x";
				CLANG_CXX_LIBRARY = "libc++";
				CLANG_ENABLE_MODULES = YES;
				CLANG_ENABLE_OBJC_ARC = YES;
				CLANG_WARN_BOOL_CONVERSION = YES;
				CLANG_WARN_CONSTANT_CONVERSION = YES;
				CLANG_WARN_DIRECT_OBJC_ISA_USAGE = YES_ERROR;
				CLANG_WARN_EMPTY_BODY = YES;
				CLANG_WARN_ENUM_CONVERSION = YES;
				CLANG_WARN_INT_CONVERSION = YES;
				CLANG_WARN_OBJC_ROOT_CLASS = YES_ERROR;
				CLANG_WARN_UNREACHABLE_CODE = YES;
				CLANG_WARN__DUPLICATE_METHOD_MATCH = YES;
				"CODE_SIGN_IDENTITY[sdk=iphoneos*]" = "iPhone Developer";
				COPY_PHASE_STRIP = NO;
				DEBUG_INFORMATION_FORMAT = "dwarf-with-dsym";
				ENABLE_STRICT_OBJC_MSGSEND = YES;
				ENABLE_TESTABILITY = YES;
				GCC_C_LANGUAGE_STANDARD = gnu99;
				GCC_DYNAMIC_NO_PIC = NO;
				GCC_NO_COMMON_BLOCKS = YES;
				GCC_OPTIMIZATION_LEVEL = 0;
				GCC_PREPROCESSOR_DEFINITIONS = (
					"DEBUG=1",
					"$(inherited)",
				);
				GCC_SYMBOLS_PRIVATE_EXTERN = NO;
				GCC_WARN_64_TO_32_BIT_CONVERSION = YES;
				GCC_WARN_ABOUT_RETURN_TYPE = YES_ERROR;
				GCC_WARN_UNDECLARED_SELECTOR = YES;
				GCC_WARN_UNINITIALIZED_AUTOS = YES_AGGRESSIVE;
				GCC_WARN_UNUSED_FUNCTION = YES;
				GCC_WARN_UNUSED_VARIABLE = YES;
				IPHONEOS_DEPLOYMENT_TARGET = 8.4;
				MTL_ENABLE_DEBUG_INFO = YES;
				ONLY_ACTIVE_ARCH = YES;
				SDKROOT = iphoneos;
				SWIFT_OPTIMIZATION_LEVEL = "-Onone";
			};
			name = Debug;
		};
		25C9DFE91B9CD84200C516C1 /* Release */ = {
			isa = XCBuildConfiguration;
			buildSettings = {
				ALWAYS_SEARCH_USER_PATHS = NO;
				CLANG_CXX_LANGUAGE_STANDARD = "gnu++0x";
				CLANG_CXX_LIBRARY = "libc++";
				CLANG_ENABLE_MODULES = YES;
				CLANG_ENABLE_OBJC_ARC = YES;
				CLANG_WARN_BOOL_CONVERSION = YES;
				CLANG_WARN_CONSTANT_CONVERSION = YES;
				CLANG_WARN_DIRECT_OBJC_ISA_USAGE = YES_ERROR;
				CLANG_WARN_EMPTY_BODY = YES;
				CLANG_WARN_ENUM_CONVERSION = YES;
				CLANG_WARN_INT_CONVERSION = YES;
				CLANG_WARN_OBJC_ROOT_CLASS = YES_ERROR;
				CLANG_WARN_UNREACHABLE_CODE = YES;
				CLANG_WARN__DUPLICATE_METHOD_MATCH = YES;
				"CODE_SIGN_IDENTITY[sdk=iphoneos*]" = "iPhone Developer";
				COPY_PHASE_STRIP = NO;
				DEBUG_INFORMATION_FORMAT = "dwarf-with-dsym";
				ENABLE_NS_ASSERTIONS = NO;
				ENABLE_STRICT_OBJC_MSGSEND = YES;
				GCC_C_LANGUAGE_STANDARD = gnu99;
				GCC_NO_COMMON_BLOCKS = YES;
				GCC_WARN_64_TO_32_BIT_CONVERSION = YES;
				GCC_WARN_ABOUT_RETURN_TYPE = YES_ERROR;
				GCC_WARN_UNDECLARED_SELECTOR = YES;
				GCC_WARN_UNINITIALIZED_AUTOS = YES_AGGRESSIVE;
				GCC_WARN_UNUSED_FUNCTION = YES;
				GCC_WARN_UNUSED_VARIABLE = YES;
				IPHONEOS_DEPLOYMENT_TARGET = 8.4;
				MTL_ENABLE_DEBUG_INFO = NO;
				SDKROOT = iphoneos;
				VALIDATE_PRODUCT = YES;
			};
			name = Release;
		};
		25C9DFEB1B9CD84200C516C1 /* Debug */ = {
			isa = XCBuildConfiguration;
			baseConfigurationReference = 2E67C6EFCB47ABD4F936CCBC /* Pods-Tripfinger.debug.xcconfig */;
			buildSettings = {
				ASSETCATALOG_COMPILER_APPICON_NAME = AppIcon;
				DEFINES_MODULE = YES;
				ENABLE_BITCODE = NO;
				FRAMEWORK_SEARCH_PATHS = (
					"$(inherited)",
					"$(PROJECT_DIR)",
				);
				GCC_SYMBOLS_PRIVATE_EXTERN = YES;
				INFOPLIST_FILE = Tripfinger/Info.plist;
				LD_RUNPATH_SEARCH_PATHS = "$(inherited) @executable_path/Frameworks";
				OTHER_LDFLAGS = (
					"-ObjC",
					"$(inherited)",
				);
				PRODUCT_BUNDLE_IDENTIFIER = "no.prebenludviksen.$(PRODUCT_NAME:rfc1034identifier)";
				PRODUCT_NAME = Tripfinger;
				SWIFT_OBJC_BRIDGING_HEADER = Tripfinger/BridgingHeader.h;
			};
			name = Debug;
		};
		25C9DFEC1B9CD84200C516C1 /* Release */ = {
			isa = XCBuildConfiguration;
			baseConfigurationReference = C07551D86C743CDF471C2520 /* Pods-Tripfinger.release.xcconfig */;
			buildSettings = {
				ASSETCATALOG_COMPILER_APPICON_NAME = AppIcon;
				DEFINES_MODULE = YES;
				ENABLE_BITCODE = NO;
				FRAMEWORK_SEARCH_PATHS = (
					"$(inherited)",
					"$(PROJECT_DIR)",
				);
				INFOPLIST_FILE = Tripfinger/Info.plist;
				LD_RUNPATH_SEARCH_PATHS = "$(inherited) @executable_path/Frameworks";
				OTHER_LDFLAGS = (
					"-ObjC",
					"$(inherited)",
				);
				PRODUCT_BUNDLE_IDENTIFIER = "no.prebenludviksen.$(PRODUCT_NAME:rfc1034identifier)";
				PRODUCT_NAME = Tripfinger;
				SWIFT_OBJC_BRIDGING_HEADER = Tripfinger/BridgingHeader.h;
				"SWIFT_OBJC_BRIDGING_HEADER[arch=*]" = Tripfinger/BridgingHeader.h;
			};
			name = Release;
		};
		25C9DFEE1B9CD84200C516C1 /* Debug */ = {
			isa = XCBuildConfiguration;
			buildSettings = {
				BUNDLE_LOADER = "$(TEST_HOST)";
				FRAMEWORK_SEARCH_PATHS = (
					"/Users/prebenl/tripfinger/tripfinger-ios",
					"$(SDKROOT)/Developer/Library/Frameworks",
					"$(inherited)",
				);
				GCC_PREPROCESSOR_DEFINITIONS = (
					"DEBUG=1",
					"$(inherited)",
				);
				INFOPLIST_FILE = TripfingerTests/Info.plist;
				LD_RUNPATH_SEARCH_PATHS = "$(inherited) @executable_path/Frameworks @loader_path/Frameworks";
				PRODUCT_BUNDLE_IDENTIFIER = "no.prebenludviksen.$(PRODUCT_NAME:rfc1034identifier)";
				PRODUCT_NAME = TripfingerTests;
				TEST_HOST = "$(BUILT_PRODUCTS_DIR)/Tripfinger.app/Tripfinger";
			};
			name = Debug;
		};
		25C9DFEF1B9CD84200C516C1 /* Release */ = {
			isa = XCBuildConfiguration;
			buildSettings = {
				BUNDLE_LOADER = "$(TEST_HOST)";
				FRAMEWORK_SEARCH_PATHS = (
					"/Users/prebenl/tripfinger/tripfinger-ios",
					"$(SDKROOT)/Developer/Library/Frameworks",
					"$(inherited)",
				);
				INFOPLIST_FILE = TripfingerTests/Info.plist;
				LD_RUNPATH_SEARCH_PATHS = "$(inherited) @executable_path/Frameworks @loader_path/Frameworks";
				PRODUCT_BUNDLE_IDENTIFIER = "no.prebenludviksen.$(PRODUCT_NAME:rfc1034identifier)";
				PRODUCT_NAME = TripfingerTests;
				TEST_HOST = "$(BUILT_PRODUCTS_DIR)/Tripfinger.app/Tripfinger";
			};
			name = Release;
		};
/* End XCBuildConfiguration section */

/* Begin XCConfigurationList section */
		25C9DFC61B9CD84200C516C1 /* Build configuration list for PBXProject "Tripfinger" */ = {
			isa = XCConfigurationList;
			buildConfigurations = (
				25C9DFE81B9CD84200C516C1 /* Debug */,
				25C9DFE91B9CD84200C516C1 /* Release */,
			);
			defaultConfigurationIsVisible = 0;
			defaultConfigurationName = Release;
		};
		25C9DFEA1B9CD84200C516C1 /* Build configuration list for PBXNativeTarget "Tripfinger" */ = {
			isa = XCConfigurationList;
			buildConfigurations = (
				25C9DFEB1B9CD84200C516C1 /* Debug */,
				25C9DFEC1B9CD84200C516C1 /* Release */,
			);
			defaultConfigurationIsVisible = 0;
			defaultConfigurationName = Release;
		};
		25C9DFED1B9CD84200C516C1 /* Build configuration list for PBXNativeTarget "TripfingerTests" */ = {
			isa = XCConfigurationList;
			buildConfigurations = (
				25C9DFEE1B9CD84200C516C1 /* Debug */,
				25C9DFEF1B9CD84200C516C1 /* Release */,
			);
			defaultConfigurationIsVisible = 0;
			defaultConfigurationName = Release;
		};
/* End XCConfigurationList section */
	};
	rootObject = 25C9DFC31B9CD84200C516C1 /* Project object */;
}
