PODS:
  - Alamofire (3.1.2)
  - BrightFutures (3.2.0):
    - Result (= 1.0.0)
  - MDCSwipeToChoose (0.2.3)
  - Realm (0.97.0):
    - Realm/Headers (= 0.97.0)
  - Realm/Headers (0.97.0)
  - RealmSwift (0.97.0):
    - Realm (= 0.97.0)
  - Result (1.0.0)

DEPENDENCIES:
  - Alamofire (~> 3.0)
  - BrightFutures
  - MDCSwipeToChoose
  - RealmSwift (= 0.97.0)

SPEC CHECKSUMS:
  Alamofire: 7c16ca65f3c7e681fd925fd7f2dec7747ff96855
  BrightFutures: 894dcfc04059093b5477c2197ed4c0fb4ad07180
  MDCSwipeToChoose: 56239d98b4558c66e7c3c9069482befd26092270
  Realm: b498a6fb9d288b171ff98d0e2d4384c295be8990
  RealmSwift: d014810dec75c9a3f1a33926d2dabfed855c582c
  Result: feaaff535eb59c414c6c7f95e6145ab991b1b07f

COCOAPODS: 0.39.0
