// !$*UTF8*$!
{
	archiveVersion = 1;
	classes = {
	};
	objectVersion = 46;
	objects = {

/* Begin PBXBuildFile section */
		255C7C561D8B1DCB0098F09D /* SystemConfiguration.framework in Frameworks */ = {isa = PBXBuildFile; fileRef = 255C7C551D8B1DCB0098F09D /* SystemConfiguration.framework */; };
		255C7C581D8B1ED20098F09D /* AdSupport.framework in Frameworks */ = {isa = PBXBuildFile; fileRef = 255C7C571D8B1ED20098F09D /* AdSupport.framework */; };
		255C7C5D1D8B22150098F09D /* libc++.tbd in Frameworks */ = {isa = PBXBuildFile; fileRef = 255C7C5C1D8B22150098F09D /* libc++.tbd */; };
		255C7C631D8B362B0098F09D /* countries-strings in Resources */ = {isa = PBXBuildFile; fileRef = 255C7C621D8B362B0098F09D /* countries-strings */; };
		255C7C661D8B36A80098F09D /* countries_obsolete.txt in Resources */ = {isa = PBXBuildFile; fileRef = 255C7C651D8B36A70098F09D /* countries_obsolete.txt */; };
		255C7C681D8B36D40098F09D /* classificator.txt in Resources */ = {isa = PBXBuildFile; fileRef = 255C7C671D8B36D40098F09D /* classificator.txt */; };
		255C7C6A1D8B37020098F09D /* types.txt in Resources */ = {isa = PBXBuildFile; fileRef = 255C7C691D8B37020098F09D /* types.txt */; };
		255C7C6C1D8B370C0098F09D /* types.txt in Resources */ = {isa = PBXBuildFile; fileRef = 255C7C6B1D8B370C0098F09D /* types.txt */; };
		255C7C811D8B38E00098F09D /* colors.txt in Resources */ = {isa = PBXBuildFile; fileRef = 255C7C6D1D8B38E00098F09D /* colors.txt */; };
		255C7C821D8B38E00098F09D /* countries.txt in Resources */ = {isa = PBXBuildFile; fileRef = 255C7C6E1D8B38E00098F09D /* countries.txt */; };
		255C7C831D8B38E00098F09D /* packed_polygons_obsolete.bin in Resources */ = {isa = PBXBuildFile; fileRef = 255C7C6F1D8B38E00098F09D /* packed_polygons_obsolete.bin */; };
		255C7C841D8B38E00098F09D /* patterns.txt in Resources */ = {isa = PBXBuildFile; fileRef = 255C7C701D8B38E00098F09D /* patterns.txt */; };
		255C7C851D8B38E00098F09D /* resources-6plus_clear in Resources */ = {isa = PBXBuildFile; fileRef = 255C7C711D8B38E00098F09D /* resources-6plus_clear */; };
		255C7C861D8B38E00098F09D /* resources-6plus_dark in Resources */ = {isa = PBXBuildFile; fileRef = 255C7C721D8B38E00098F09D /* resources-6plus_dark */; };
		255C7C871D8B38E00098F09D /* resources-6plus_legacy in Resources */ = {isa = PBXBuildFile; fileRef = 255C7C731D8B38E00098F09D /* resources-6plus_legacy */; };
		255C7C881D8B38E00098F09D /* resources-default in Resources */ = {isa = PBXBuildFile; fileRef = 255C7C741D8B38E00098F09D /* resources-default */; };
		255C7C891D8B38E00098F09D /* resources-hdpi_clear in Resources */ = {isa = PBXBuildFile; fileRef = 255C7C751D8B38E00098F09D /* resources-hdpi_clear */; };
		255C7C8A1D8B38E00098F09D /* resources-hdpi_dark in Resources */ = {isa = PBXBuildFile; fileRef = 255C7C761D8B38E00098F09D /* resources-hdpi_dark */; };
		255C7C8B1D8B38E00098F09D /* resources-mdpi_clear in Resources */ = {isa = PBXBuildFile; fileRef = 255C7C771D8B38E00098F09D /* resources-mdpi_clear */; };
		255C7C8C1D8B38E00098F09D /* resources-mdpi_dark in Resources */ = {isa = PBXBuildFile; fileRef = 255C7C781D8B38E00098F09D /* resources-mdpi_dark */; };
		255C7C8D1D8B38E00098F09D /* resources-mdpi_legacy in Resources */ = {isa = PBXBuildFile; fileRef = 255C7C791D8B38E00098F09D /* resources-mdpi_legacy */; };
		255C7C8E1D8B38E00098F09D /* resources-xhdpi_clear in Resources */ = {isa = PBXBuildFile; fileRef = 255C7C7A1D8B38E00098F09D /* resources-xhdpi_clear */; };
		255C7C8F1D8B38E00098F09D /* resources-xhdpi_dark in Resources */ = {isa = PBXBuildFile; fileRef = 255C7C7B1D8B38E00098F09D /* resources-xhdpi_dark */; };
		255C7C901D8B38E00098F09D /* resources-xhdpi_legacy in Resources */ = {isa = PBXBuildFile; fileRef = 255C7C7C1D8B38E00098F09D /* resources-xhdpi_legacy */; };
		255C7C911D8B38E00098F09D /* resources-xxhdpi_clear in Resources */ = {isa = PBXBuildFile; fileRef = 255C7C7D1D8B38E00098F09D /* resources-xxhdpi_clear */; };
		255C7C921D8B38E00098F09D /* resources-xxhdpi_dark in Resources */ = {isa = PBXBuildFile; fileRef = 255C7C7E1D8B38E00098F09D /* resources-xxhdpi_dark */; };
		255C7C931D8B38E00098F09D /* resources-xxhdpi_legacy in Resources */ = {isa = PBXBuildFile; fileRef = 255C7C7F1D8B38E00098F09D /* resources-xxhdpi_legacy */; };
		255C7C941D8B38E00098F09D /* sound-strings in Resources */ = {isa = PBXBuildFile; fileRef = 255C7C801D8B38E00098F09D /* sound-strings */; };
		255C7CA01D8B39740098F09D /* 01_dejavusans.ttf in Resources */ = {isa = PBXBuildFile; fileRef = 255C7C951D8B39740098F09D /* 01_dejavusans.ttf */; };
		255C7CA11D8B39740098F09D /* 02_droidsans-fallback.ttf in Resources */ = {isa = PBXBuildFile; fileRef = 255C7C961D8B39740098F09D /* 02_droidsans-fallback.ttf */; };
		255C7CA21D8B39740098F09D /* 03_jomolhari-id-a3d.ttf in Resources */ = {isa = PBXBuildFile; fileRef = 255C7C971D8B39740098F09D /* 03_jomolhari-id-a3d.ttf */; };
		255C7CA31D8B39740098F09D /* 04_padauk.ttf in Resources */ = {isa = PBXBuildFile; fileRef = 255C7C981D8B39740098F09D /* 04_padauk.ttf */; };
		255C7CA41D8B39740098F09D /* 05_khmeros.ttf in Resources */ = {isa = PBXBuildFile; fileRef = 255C7C991D8B39740098F09D /* 05_khmeros.ttf */; };
		255C7CA51D8B39740098F09D /* 06_code2000.ttf in Resources */ = {isa = PBXBuildFile; fileRef = 255C7C9A1D8B39740098F09D /* 06_code2000.ttf */; };
		255C7CA61D8B39740098F09D /* 07_roboto_medium.ttf in Resources */ = {isa = PBXBuildFile; fileRef = 255C7C9B1D8B39740098F09D /* 07_roboto_medium.ttf */; };
		255C7CA71D8B39740098F09D /* fonts_blacklist.txt in Resources */ = {isa = PBXBuildFile; fileRef = 255C7C9C1D8B39740098F09D /* fonts_blacklist.txt */; };
		255C7CA81D8B39740098F09D /* fonts_whitelist.txt in Resources */ = {isa = PBXBuildFile; fileRef = 255C7C9D1D8B39740098F09D /* fonts_whitelist.txt */; };
		255C7CA91D8B39740098F09D /* unicode_blocks.txt in Resources */ = {isa = PBXBuildFile; fileRef = 255C7C9E1D8B39740098F09D /* unicode_blocks.txt */; };
		255C7CAA1D8B39740098F09D /* World.mwm in Resources */ = {isa = PBXBuildFile; fileRef = 255C7C9F1D8B39740098F09D /* World.mwm */; };
		255C7CAC1D8B39B30098F09D /* tts-how-to-set-up-voice-img in Resources */ = {isa = PBXBuildFile; fileRef = 255C7CAB1D8B39B30098F09D /* tts-how-to-set-up-voice-img */; };
		255C7CBA1D8B3A700098F09D /* categories.txt in Resources */ = {isa = PBXBuildFile; fileRef = 255C7CAD1D8B3A6F0098F09D /* categories.txt */; };
		255C7CBB1D8B3A700098F09D /* copyright.html in Resources */ = {isa = PBXBuildFile; fileRef = 255C7CAE1D8B3A6F0098F09D /* copyright.html */; };
		255C7CBC1D8B3A700098F09D /* cuisine-strings in Resources */ = {isa = PBXBuildFile; fileRef = 255C7CAF1D8B3A6F0098F09D /* cuisine-strings */; };
		255C7CBD1D8B3A700098F09D /* drules_proto_clear.bin in Resources */ = {isa = PBXBuildFile; fileRef = 255C7CB01D8B3A6F0098F09D /* drules_proto_clear.bin */; };
		255C7CBE1D8B3A700098F09D /* drules_proto_dark.bin in Resources */ = {isa = PBXBuildFile; fileRef = 255C7CB11D8B3A6F0098F09D /* drules_proto_dark.bin */; };
		255C7CBF1D8B3A700098F09D /* drules_proto_legacy.bin in Resources */ = {isa = PBXBuildFile; fileRef = 255C7CB21D8B3A700098F09D /* drules_proto_legacy.bin */; };
		255C7CC01D8B3A700098F09D /* editor.config in Resources */ = {isa = PBXBuildFile; fileRef = 255C7CB31D8B3A700098F09D /* editor.config */; };
		255C7CC11D8B3A700098F09D /* faq.html in Resources */ = {isa = PBXBuildFile; fileRef = 255C7CB41D8B3A700098F09D /* faq.html */; };
		255C7CC21D8B3A700098F09D /* opening_hours_how_to_edit.html in Resources */ = {isa = PBXBuildFile; fileRef = 255C7CB51D8B3A700098F09D /* opening_hours_how_to_edit.html */; };
		255C7CC31D8B3A700098F09D /* synonyms.txt in Resources */ = {isa = PBXBuildFile; fileRef = 255C7CB61D8B3A700098F09D /* synonyms.txt */; };
		255C7CC41D8B3A700098F09D /* tts-how-to-set-up-voice.html in Resources */ = {isa = PBXBuildFile; fileRef = 255C7CB71D8B3A700098F09D /* tts-how-to-set-up-voice.html */; };
		255C7CC51D8B3A700098F09D /* WorldCoasts_obsolete.mwm in Resources */ = {isa = PBXBuildFile; fileRef = 255C7CB81D8B3A700098F09D /* WorldCoasts_obsolete.mwm */; };
		255C7CC61D8B3A700098F09D /* WorldCoasts.mwm in Resources */ = {isa = PBXBuildFile; fileRef = 255C7CB91D8B3A700098F09D /* WorldCoasts.mwm */; };
		255C7CC81D8B3AAD0098F09D /* packed_polygons.bin in Resources */ = {isa = PBXBuildFile; fileRef = 255C7CC71D8B3AAD0098F09D /* packed_polygons.bin */; };
		255C7CDB1D8BED980098F09D /* AppDelegate.mm in Sources */ = {isa = PBXBuildFile; fileRef = 255C7CCB1D8BED980098F09D /* AppDelegate.mm */; };
		255C7CDC1D8BED980098F09D /* Assets.xcassets in Resources */ = {isa = PBXBuildFile; fileRef = 255C7CCC1D8BED980098F09D /* Assets.xcassets */; };
		255C7CDE1D8BED980098F09D /* EAGLView.mm in Sources */ = {isa = PBXBuildFile; fileRef = 255C7CD01D8BED980098F09D /* EAGLView.mm */; };
		255C7CDF1D8BED980098F09D /* Framework.mm in Sources */ = {isa = PBXBuildFile; fileRef = 255C7CD21D8BED980098F09D /* Framework.mm */; };
		255C7CE01D8BED980098F09D /* Info.plist in Resources */ = {isa = PBXBuildFile; fileRef = 255C7CD31D8BED980098F09D /* Info.plist */; };
		255C7CE11D8BED980098F09D /* main.m in Sources */ = {isa = PBXBuildFile; fileRef = 255C7CD41D8BED980098F09D /* main.m */; };
		255C7CE21D8BED980098F09D /* MWMMapWidgets.mm in Sources */ = {isa = PBXBuildFile; fileRef = 255C7CD61D8BED980098F09D /* MWMMapWidgets.mm */; };
		255C7CE41D8BED980098F09D /* ViewController.mm in Sources */ = {isa = PBXBuildFile; fileRef = 255C7CDA1D8BED980098F09D /* ViewController.mm */; };
		255C7CEA1D8BEE930098F09D /* iosOGLContext.mm in Sources */ = {isa = PBXBuildFile; fileRef = 255C7CE71D8BEE930098F09D /* iosOGLContext.mm */; };
		255C7CEB1D8BEE930098F09D /* iosOGLContextFactory.mm in Sources */ = {isa = PBXBuildFile; fileRef = 255C7CE91D8BEE930098F09D /* iosOGLContextFactory.mm */; };
		255C7CF01D8BEEBE0098F09D /* LaunchScreen.storyboard in Resources */ = {isa = PBXBuildFile; fileRef = 255C7CEC1D8BEEBE0098F09D /* LaunchScreen.storyboard */; };
		255C7CF11D8BEEBE0098F09D /* Main.storyboard in Resources */ = {isa = PBXBuildFile; fileRef = 255C7CEE1D8BEEBE0098F09D /* Main.storyboard */; };
		255C7CF31D8BF32C0098F09D /* MWMMapComponent.podspec in Resources */ = {isa = PBXBuildFile; fileRef = 255C7CF21D8BF32C0098F09D /* MWMMapComponent.podspec */; };
/* End PBXBuildFile section */

/* Begin PBXFileReference section */
		255C7C241D8B06660098F09D /* MapsComponent.app */ = {isa = PBXFileReference; explicitFileType = wrapper.application; includeInIndex = 0; path = MapsComponent.app; sourceTree = BUILT_PRODUCTS_DIR; };
		255C7C551D8B1DCB0098F09D /* SystemConfiguration.framework */ = {isa = PBXFileReference; lastKnownFileType = wrapper.framework; name = SystemConfiguration.framework; path = System/Library/Frameworks/SystemConfiguration.framework; sourceTree = SDKROOT; };
		255C7C571D8B1ED20098F09D /* AdSupport.framework */ = {isa = PBXFileReference; lastKnownFileType = wrapper.framework; name = AdSupport.framework; path = System/Library/Frameworks/AdSupport.framework; sourceTree = SDKROOT; };
		255C7C5C1D8B22150098F09D /* libc++.tbd */ = {isa = PBXFileReference; lastKnownFileType = "sourcecode.text-based-dylib-definition"; name = "libc++.tbd"; path = "usr/lib/libc++.tbd"; sourceTree = SDKROOT; };
		255C7C601D8B35D40098F09D /* countries-strings */ = {isa = PBXFileReference; lastKnownFileType = folder; name = "countries-strings"; path = "../../data/countries-strings"; sourceTree = "<group>"; };
		255C7C621D8B362B0098F09D /* countries-strings */ = {isa = PBXFileReference; lastKnownFileType = folder; name = "countries-strings"; path = "../../data/countries-strings"; sourceTree = "<group>"; };
		255C7C651D8B36A70098F09D /* countries_obsolete.txt */ = {isa = PBXFileReference; lastKnownFileType = text; name = countries_obsolete.txt; path = ../../data/countries_obsolete.txt; sourceTree = "<group>"; };
		255C7C671D8B36D40098F09D /* classificator.txt */ = {isa = PBXFileReference; lastKnownFileType = text; name = classificator.txt; path = ../../data/classificator.txt; sourceTree = "<group>"; };
		255C7C691D8B37020098F09D /* types.txt */ = {isa = PBXFileReference; lastKnownFileType = text; name = types.txt; path = ../../data/types.txt; sourceTree = "<group>"; };
		255C7C6B1D8B370C0098F09D /* types.txt */ = {isa = PBXFileReference; fileEncoding = 4; lastKnownFileType = text; name = types.txt; path = "../../data/countries-strings/types.txt"; sourceTree = "<group>"; };
		255C7C6D1D8B38E00098F09D /* colors.txt */ = {isa = PBXFileReference; lastKnownFileType = text; name = colors.txt; path = ../../data/colors.txt; sourceTree = "<group>"; };
		255C7C6E1D8B38E00098F09D /* countries.txt */ = {isa = PBXFileReference; lastKnownFileType = text; name = countries.txt; path = ../../data/countries.txt; sourceTree = "<group>"; };
		255C7C6F1D8B38E00098F09D /* packed_polygons_obsolete.bin */ = {isa = PBXFileReference; lastKnownFileType = archive.macbinary; name = packed_polygons_obsolete.bin; path = ../../data/packed_polygons_obsolete.bin; sourceTree = "<group>"; };
		255C7C701D8B38E00098F09D /* patterns.txt */ = {isa = PBXFileReference; lastKnownFileType = text; name = patterns.txt; path = ../../data/patterns.txt; sourceTree = "<group>"; };
		255C7C711D8B38E00098F09D /* resources-6plus_clear */ = {isa = PBXFileReference; lastKnownFileType = folder; name = "resources-6plus_clear"; path = "../../data/resources-6plus_clear"; sourceTree = "<group>"; };
		255C7C721D8B38E00098F09D /* resources-6plus_dark */ = {isa = PBXFileReference; lastKnownFileType = folder; name = "resources-6plus_dark"; path = "../../data/resources-6plus_dark"; sourceTree = "<group>"; };
		255C7C731D8B38E00098F09D /* resources-6plus_legacy */ = {isa = PBXFileReference; lastKnownFileType = folder; name = "resources-6plus_legacy"; path = "../../data/resources-6plus_legacy"; sourceTree = "<group>"; };
		255C7C741D8B38E00098F09D /* resources-default */ = {isa = PBXFileReference; lastKnownFileType = folder; name = "resources-default"; path = "../../data/resources-default"; sourceTree = "<group>"; };
		255C7C751D8B38E00098F09D /* resources-hdpi_clear */ = {isa = PBXFileReference; lastKnownFileType = folder; name = "resources-hdpi_clear"; path = "../../data/resources-hdpi_clear"; sourceTree = "<group>"; };
		255C7C761D8B38E00098F09D /* resources-hdpi_dark */ = {isa = PBXFileReference; lastKnownFileType = folder; name = "resources-hdpi_dark"; path = "../../data/resources-hdpi_dark"; sourceTree = "<group>"; };
		255C7C771D8B38E00098F09D /* resources-mdpi_clear */ = {isa = PBXFileReference; lastKnownFileType = folder; name = "resources-mdpi_clear"; path = "../../data/resources-mdpi_clear"; sourceTree = "<group>"; };
		255C7C781D8B38E00098F09D /* resources-mdpi_dark */ = {isa = PBXFileReference; lastKnownFileType = folder; name = "resources-mdpi_dark"; path = "../../data/resources-mdpi_dark"; sourceTree = "<group>"; };
		255C7C791D8B38E00098F09D /* resources-mdpi_legacy */ = {isa = PBXFileReference; lastKnownFileType = folder; name = "resources-mdpi_legacy"; path = "../../data/resources-mdpi_legacy"; sourceTree = "<group>"; };
		255C7C7A1D8B38E00098F09D /* resources-xhdpi_clear */ = {isa = PBXFileReference; lastKnownFileType = folder; name = "resources-xhdpi_clear"; path = "../../data/resources-xhdpi_clear"; sourceTree = "<group>"; };
		255C7C7B1D8B38E00098F09D /* resources-xhdpi_dark */ = {isa = PBXFileReference; lastKnownFileType = folder; name = "resources-xhdpi_dark"; path = "../../data/resources-xhdpi_dark"; sourceTree = "<group>"; };
		255C7C7C1D8B38E00098F09D /* resources-xhdpi_legacy */ = {isa = PBXFileReference; lastKnownFileType = folder; name = "resources-xhdpi_legacy"; path = "../../data/resources-xhdpi_legacy"; sourceTree = "<group>"; };
		255C7C7D1D8B38E00098F09D /* resources-xxhdpi_clear */ = {isa = PBXFileReference; lastKnownFileType = folder; name = "resources-xxhdpi_clear"; path = "../../data/resources-xxhdpi_clear"; sourceTree = "<group>"; };
		255C7C7E1D8B38E00098F09D /* resources-xxhdpi_dark */ = {isa = PBXFileReference; lastKnownFileType = folder; name = "resources-xxhdpi_dark"; path = "../../data/resources-xxhdpi_dark"; sourceTree = "<group>"; };
		255C7C7F1D8B38E00098F09D /* resources-xxhdpi_legacy */ = {isa = PBXFileReference; lastKnownFileType = folder; name = "resources-xxhdpi_legacy"; path = "../../data/resources-xxhdpi_legacy"; sourceTree = "<group>"; };
		255C7C801D8B38E00098F09D /* sound-strings */ = {isa = PBXFileReference; lastKnownFileType = folder; name = "sound-strings"; path = "../../data/sound-strings"; sourceTree = "<group>"; };
		255C7C951D8B39740098F09D /* 01_dejavusans.ttf */ = {isa = PBXFileReference; lastKnownFileType = file; name = 01_dejavusans.ttf; path = ../../data/01_dejavusans.ttf; sourceTree = "<group>"; };
		255C7C961D8B39740098F09D /* 02_droidsans-fallback.ttf */ = {isa = PBXFileReference; lastKnownFileType = file; name = "02_droidsans-fallback.ttf"; path = "../../data/02_droidsans-fallback.ttf"; sourceTree = "<group>"; };
		255C7C971D8B39740098F09D /* 03_jomolhari-id-a3d.ttf */ = {isa = PBXFileReference; lastKnownFileType = file; name = "03_jomolhari-id-a3d.ttf"; path = "../../data/03_jomolhari-id-a3d.ttf"; sourceTree = "<group>"; };
		255C7C981D8B39740098F09D /* 04_padauk.ttf */ = {isa = PBXFileReference; lastKnownFileType = file; name = 04_padauk.ttf; path = ../../data/04_padauk.ttf; sourceTree = "<group>"; };
		255C7C991D8B39740098F09D /* 05_khmeros.ttf */ = {isa = PBXFileReference; lastKnownFileType = file; name = 05_khmeros.ttf; path = ../../data/05_khmeros.ttf; sourceTree = "<group>"; };
		255C7C9A1D8B39740098F09D /* 06_code2000.ttf */ = {isa = PBXFileReference; lastKnownFileType = file; name = 06_code2000.ttf; path = ../../data/06_code2000.ttf; sourceTree = "<group>"; };
		255C7C9B1D8B39740098F09D /* 07_roboto_medium.ttf */ = {isa = PBXFileReference; lastKnownFileType = file; name = 07_roboto_medium.ttf; path = ../../data/07_roboto_medium.ttf; sourceTree = "<group>"; };
		255C7C9C1D8B39740098F09D /* fonts_blacklist.txt */ = {isa = PBXFileReference; lastKnownFileType = text; name = fonts_blacklist.txt; path = ../../data/fonts_blacklist.txt; sourceTree = "<group>"; };
		255C7C9D1D8B39740098F09D /* fonts_whitelist.txt */ = {isa = PBXFileReference; lastKnownFileType = text; name = fonts_whitelist.txt; path = ../../data/fonts_whitelist.txt; sourceTree = "<group>"; };
		255C7C9E1D8B39740098F09D /* unicode_blocks.txt */ = {isa = PBXFileReference; lastKnownFileType = text; name = unicode_blocks.txt; path = ../../data/unicode_blocks.txt; sourceTree = "<group>"; };
		255C7C9F1D8B39740098F09D /* World.mwm */ = {isa = PBXFileReference; lastKnownFileType = file; name = World.mwm; path = ../../data/World.mwm; sourceTree = "<group>"; };
		255C7CAB1D8B39B30098F09D /* tts-how-to-set-up-voice-img */ = {isa = PBXFileReference; lastKnownFileType = folder; name = "tts-how-to-set-up-voice-img"; path = "../../data/tts-how-to-set-up-voice-img"; sourceTree = "<group>"; };
		255C7CAD1D8B3A6F0098F09D /* categories.txt */ = {isa = PBXFileReference; lastKnownFileType = text; name = categories.txt; path = ../../data/categories.txt; sourceTree = "<group>"; };
		255C7CAE1D8B3A6F0098F09D /* copyright.html */ = {isa = PBXFileReference; lastKnownFileType = text.html; name = copyright.html; path = ../../data/copyright.html; sourceTree = "<group>"; };
		255C7CAF1D8B3A6F0098F09D /* cuisine-strings */ = {isa = PBXFileReference; lastKnownFileType = folder; name = "cuisine-strings"; path = "../../data/cuisine-strings"; sourceTree = "<group>"; };
		255C7CB01D8B3A6F0098F09D /* drules_proto_clear.bin */ = {isa = PBXFileReference; lastKnownFileType = archive.macbinary; name = drules_proto_clear.bin; path = ../../data/drules_proto_clear.bin; sourceTree = "<group>"; };
		255C7CB11D8B3A6F0098F09D /* drules_proto_dark.bin */ = {isa = PBXFileReference; lastKnownFileType = archive.macbinary; name = drules_proto_dark.bin; path = ../../data/drules_proto_dark.bin; sourceTree = "<group>"; };
		255C7CB21D8B3A700098F09D /* drules_proto_legacy.bin */ = {isa = PBXFileReference; lastKnownFileType = archive.macbinary; name = drules_proto_legacy.bin; path = ../../data/drules_proto_legacy.bin; sourceTree = "<group>"; };
		255C7CB31D8B3A700098F09D /* editor.config */ = {isa = PBXFileReference; lastKnownFileType = text; name = editor.config; path = ../../data/editor.config; sourceTree = "<group>"; };
		255C7CB41D8B3A700098F09D /* faq.html */ = {isa = PBXFileReference; lastKnownFileType = text.html; name = faq.html; path = ../../data/faq.html; sourceTree = "<group>"; };
		255C7CB51D8B3A700098F09D /* opening_hours_how_to_edit.html */ = {isa = PBXFileReference; lastKnownFileType = text.html; name = opening_hours_how_to_edit.html; path = ../../data/opening_hours_how_to_edit.html; sourceTree = "<group>"; };
		255C7CB61D8B3A700098F09D /* synonyms.txt */ = {isa = PBXFileReference; lastKnownFileType = text; name = synonyms.txt; path = ../../data/synonyms.txt; sourceTree = "<group>"; };
		255C7CB71D8B3A700098F09D /* tts-how-to-set-up-voice.html */ = {isa = PBXFileReference; lastKnownFileType = text.html; name = "tts-how-to-set-up-voice.html"; path = "../../data/tts-how-to-set-up-voice.html"; sourceTree = "<group>"; };
		255C7CB81D8B3A700098F09D /* WorldCoasts_obsolete.mwm */ = {isa = PBXFileReference; lastKnownFileType = file; name = WorldCoasts_obsolete.mwm; path = ../../data/WorldCoasts_obsolete.mwm; sourceTree = "<group>"; };
		255C7CB91D8B3A700098F09D /* WorldCoasts.mwm */ = {isa = PBXFileReference; lastKnownFileType = file; name = WorldCoasts.mwm; path = ../../data/WorldCoasts.mwm; sourceTree = "<group>"; };
		255C7CC71D8B3AAD0098F09D /* packed_polygons.bin */ = {isa = PBXFileReference; lastKnownFileType = archive.macbinary; name = packed_polygons.bin; path = ../../data/packed_polygons.bin; sourceTree = "<group>"; };
		255C7CCA1D8BED980098F09D /* AppDelegate.h */ = {isa = PBXFileReference; fileEncoding = 4; lastKnownFileType = sourcecode.c.h; name = AppDelegate.h; path = MapsComponent/AppDelegate.h; sourceTree = "<group>"; };
		255C7CCB1D8BED980098F09D /* AppDelegate.mm */ = {isa = PBXFileReference; fileEncoding = 4; lastKnownFileType = sourcecode.cpp.objcpp; name = AppDelegate.mm; path = MapsComponent/AppDelegate.mm; sourceTree = "<group>"; };
		255C7CCC1D8BED980098F09D /* Assets.xcassets */ = {isa = PBXFileReference; lastKnownFileType = folder.assetcatalog; name = Assets.xcassets; path = MapsComponent/Assets.xcassets; sourceTree = "<group>"; };
		255C7CCE1D8BED980098F09D /* Common.h */ = {isa = PBXFileReference; fileEncoding = 4; lastKnownFileType = sourcecode.c.h; name = Common.h; path = MapsComponent/Common.h; sourceTree = "<group>"; };
		255C7CCF1D8BED980098F09D /* EAGLView.h */ = {isa = PBXFileReference; fileEncoding = 4; lastKnownFileType = sourcecode.c.h; name = EAGLView.h; path = MapsComponent/EAGLView.h; sourceTree = "<group>"; };
		255C7CD01D8BED980098F09D /* EAGLView.mm */ = {isa = PBXFileReference; fileEncoding = 4; lastKnownFileType = sourcecode.cpp.objcpp; name = EAGLView.mm; path = MapsComponent/EAGLView.mm; sourceTree = "<group>"; };
		255C7CD11D8BED980098F09D /* Framework.h */ = {isa = PBXFileReference; fileEncoding = 4; lastKnownFileType = sourcecode.c.h; name = Framework.h; path = MapsComponent/Framework.h; sourceTree = "<group>"; };
		255C7CD21D8BED980098F09D /* Framework.mm */ = {isa = PBXFileReference; fileEncoding = 4; lastKnownFileType = sourcecode.cpp.objcpp; name = Framework.mm; path = MapsComponent/Framework.mm; sourceTree = "<group>"; };
		255C7CD31D8BED980098F09D /* Info.plist */ = {isa = PBXFileReference; fileEncoding = 4; lastKnownFileType = text.plist.xml; name = Info.plist; path = MapsComponent/Info.plist; sourceTree = "<group>"; };
		255C7CD41D8BED980098F09D /* main.m */ = {isa = PBXFileReference; fileEncoding = 4; lastKnownFileType = sourcecode.c.objc; name = main.m; path = MapsComponent/main.m; sourceTree = "<group>"; };
		255C7CD51D8BED980098F09D /* MWMMapWidgets.h */ = {isa = PBXFileReference; fileEncoding = 4; lastKnownFileType = sourcecode.c.h; name = MWMMapWidgets.h; path = MapsComponent/MWMMapWidgets.h; sourceTree = "<group>"; };
		255C7CD61D8BED980098F09D /* MWMMapWidgets.mm */ = {isa = PBXFileReference; fileEncoding = 4; lastKnownFileType = sourcecode.cpp.objcpp; name = MWMMapWidgets.mm; path = MapsComponent/MWMMapWidgets.mm; sourceTree = "<group>"; };
		255C7CD71D8BED980098F09D /* MWMTypes.h */ = {isa = PBXFileReference; fileEncoding = 4; lastKnownFileType = sourcecode.c.h; name = MWMTypes.h; path = MapsComponent/MWMTypes.h; sourceTree = "<group>"; };
		255C7CD91D8BED980098F09D /* ViewController.h */ = {isa = PBXFileReference; fileEncoding = 4; lastKnownFileType = sourcecode.c.h; name = ViewController.h; path = MapsComponent/ViewController.h; sourceTree = "<group>"; };
		255C7CDA1D8BED980098F09D /* ViewController.mm */ = {isa = PBXFileReference; fileEncoding = 4; lastKnownFileType = sourcecode.cpp.objcpp; name = ViewController.mm; path = MapsComponent/ViewController.mm; sourceTree = "<group>"; };
		255C7CE61D8BEE930098F09D /* iosOGLContext.h */ = {isa = PBXFileReference; fileEncoding = 4; lastKnownFileType = sourcecode.c.h; name = iosOGLContext.h; path = MapsComponent/Platform/opengl/iosOGLContext.h; sourceTree = "<group>"; };
		255C7CE71D8BEE930098F09D /* iosOGLContext.mm */ = {isa = PBXFileReference; fileEncoding = 4; lastKnownFileType = sourcecode.cpp.objcpp; name = iosOGLContext.mm; path = MapsComponent/Platform/opengl/iosOGLContext.mm; sourceTree = "<group>"; };
		255C7CE81D8BEE930098F09D /* iosOGLContextFactory.h */ = {isa = PBXFileReference; fileEncoding = 4; lastKnownFileType = sourcecode.c.h; name = iosOGLContextFactory.h; path = MapsComponent/Platform/opengl/iosOGLContextFactory.h; sourceTree = "<group>"; };
		255C7CE91D8BEE930098F09D /* iosOGLContextFactory.mm */ = {isa = PBXFileReference; fileEncoding = 4; lastKnownFileType = sourcecode.cpp.objcpp; name = iosOGLContextFactory.mm; path = MapsComponent/Platform/opengl/iosOGLContextFactory.mm; sourceTree = "<group>"; };
		255C7CED1D8BEEBE0098F09D /* Base */ = {isa = PBXFileReference; lastKnownFileType = file.storyboard; name = Base; path = MapsComponent/Base.lproj/LaunchScreen.storyboard; sourceTree = "<group>"; };
		255C7CEF1D8BEEBE0098F09D /* Base */ = {isa = PBXFileReference; lastKnownFileType = file.storyboard; name = Base; path = MapsComponent/Base.lproj/Main.storyboard; sourceTree = "<group>"; };
		255C7CF21D8BF32C0098F09D /* MWMMapComponent.podspec */ = {isa = PBXFileReference; fileEncoding = 4; lastKnownFileType = text; path = MWMMapComponent.podspec; sourceTree = "<group>"; };
		255C7D0B1D8C7AE30098F09D /* Maps_Prefix.pch */ = {isa = PBXFileReference; fileEncoding = 4; lastKnownFileType = sourcecode.c.h; path = Maps_Prefix.pch; sourceTree = "<group>"; };
/* End PBXFileReference section */

/* Begin PBXFrameworksBuildPhase section */
		255C7C211D8B06660098F09D /* Frameworks */ = {
			isa = PBXFrameworksBuildPhase;
			buildActionMask = 2147483647;
			files = (
				255C7C5D1D8B22150098F09D /* libc++.tbd in Frameworks */,
				255C7C581D8B1ED20098F09D /* AdSupport.framework in Frameworks */,
				255C7C561D8B1DCB0098F09D /* SystemConfiguration.framework in Frameworks */,
			);
			runOnlyForDeploymentPostprocessing = 0;
		};
/* End PBXFrameworksBuildPhase section */

/* Begin PBXGroup section */
		255C7C1B1D8B06660098F09D = {
			isa = PBXGroup;
			children = (
				255C7CC71D8B3AAD0098F09D /* packed_polygons.bin */,
				255C7C641D8B36340098F09D /* Resources */,
				255C7C5B1D8B1FBE0098F09D /* Frameworks */,
				255C7CC91D8BED7C0098F09D /* MapsComponent */,
				255C7C251D8B06660098F09D /* Products */,
			);
			sourceTree = "<group>";
		};
		255C7C251D8B06660098F09D /* Products */ = {
			isa = PBXGroup;
			children = (
				255C7C241D8B06660098F09D /* MapsComponent.app */,
			);
			name = Products;
			sourceTree = "<group>";
		};
		255C7C5B1D8B1FBE0098F09D /* Frameworks */ = {
			isa = PBXGroup;
			children = (
				255C7C601D8B35D40098F09D /* countries-strings */,
				255C7C5C1D8B22150098F09D /* libc++.tbd */,
				255C7C571D8B1ED20098F09D /* AdSupport.framework */,
				255C7C551D8B1DCB0098F09D /* SystemConfiguration.framework */,
			);
			name = Frameworks;
			sourceTree = "<group>";
		};
		255C7C641D8B36340098F09D /* Resources */ = {
			isa = PBXGroup;
			children = (
				255C7D1B1D8D2E8D0098F09D /* Other Sources */,
				255C7C951D8B39740098F09D /* 01_dejavusans.ttf */,
				255C7C961D8B39740098F09D /* 02_droidsans-fallback.ttf */,
				255C7C971D8B39740098F09D /* 03_jomolhari-id-a3d.ttf */,
				255C7C981D8B39740098F09D /* 04_padauk.ttf */,
				255C7C991D8B39740098F09D /* 05_khmeros.ttf */,
				255C7C9A1D8B39740098F09D /* 06_code2000.ttf */,
				255C7C9B1D8B39740098F09D /* 07_roboto_medium.ttf */,
				255C7CAD1D8B3A6F0098F09D /* categories.txt */,
				255C7CAE1D8B3A6F0098F09D /* copyright.html */,
				255C7CAF1D8B3A6F0098F09D /* cuisine-strings */,
				255C7CB01D8B3A6F0098F09D /* drules_proto_clear.bin */,
				255C7CB11D8B3A6F0098F09D /* drules_proto_dark.bin */,
				255C7CB21D8B3A700098F09D /* drules_proto_legacy.bin */,
				255C7CB31D8B3A700098F09D /* editor.config */,
				255C7CB41D8B3A700098F09D /* faq.html */,
				255C7CB51D8B3A700098F09D /* opening_hours_how_to_edit.html */,
				255C7CB61D8B3A700098F09D /* synonyms.txt */,
				255C7CB71D8B3A700098F09D /* tts-how-to-set-up-voice.html */,
				255C7CB81D8B3A700098F09D /* WorldCoasts_obsolete.mwm */,
				255C7CB91D8B3A700098F09D /* WorldCoasts.mwm */,
				255C7CAB1D8B39B30098F09D /* tts-how-to-set-up-voice-img */,
				255C7C9C1D8B39740098F09D /* fonts_blacklist.txt */,
				255C7C9D1D8B39740098F09D /* fonts_whitelist.txt */,
				255C7C9E1D8B39740098F09D /* unicode_blocks.txt */,
				255C7C9F1D8B39740098F09D /* World.mwm */,
				255C7C671D8B36D40098F09D /* classificator.txt */,
				255C7C651D8B36A70098F09D /* countries_obsolete.txt */,
				255C7C691D8B37020098F09D /* types.txt */,
				255C7C6B1D8B370C0098F09D /* types.txt */,
				255C7C6D1D8B38E00098F09D /* colors.txt */,
				255C7C6E1D8B38E00098F09D /* countries.txt */,
				255C7C6F1D8B38E00098F09D /* packed_polygons_obsolete.bin */,
				255C7C701D8B38E00098F09D /* patterns.txt */,
				255C7C711D8B38E00098F09D /* resources-6plus_clear */,
				255C7C721D8B38E00098F09D /* resources-6plus_dark */,
				255C7C731D8B38E00098F09D /* resources-6plus_legacy */,
				255C7C741D8B38E00098F09D /* resources-default */,
				255C7C751D8B38E00098F09D /* resources-hdpi_clear */,
				255C7C761D8B38E00098F09D /* resources-hdpi_dark */,
				255C7C771D8B38E00098F09D /* resources-mdpi_clear */,
				255C7C781D8B38E00098F09D /* resources-mdpi_dark */,
				255C7C791D8B38E00098F09D /* resources-mdpi_legacy */,
				255C7C7A1D8B38E00098F09D /* resources-xhdpi_clear */,
				255C7C7B1D8B38E00098F09D /* resources-xhdpi_dark */,
				255C7C7C1D8B38E00098F09D /* resources-xhdpi_legacy */,
				255C7C7D1D8B38E00098F09D /* resources-xxhdpi_clear */,
				255C7C7E1D8B38E00098F09D /* resources-xxhdpi_dark */,
				255C7C7F1D8B38E00098F09D /* resources-xxhdpi_legacy */,
				255C7C801D8B38E00098F09D /* sound-strings */,
				255C7C621D8B362B0098F09D /* countries-strings */,
			);
			name = Resources;
			sourceTree = "<group>";
		};
		255C7CC91D8BED7C0098F09D /* MapsComponent */ = {
			isa = PBXGroup;
			children = (
				255C7D0B1D8C7AE30098F09D /* Maps_Prefix.pch */,
				255C7CF21D8BF32C0098F09D /* MWMMapComponent.podspec */,
				255C7CEC1D8BEEBE0098F09D /* LaunchScreen.storyboard */,
				255C7CEE1D8BEEBE0098F09D /* Main.storyboard */,
				255C7CE51D8BEE7B0098F09D /* Platform */,
				255C7CCA1D8BED980098F09D /* AppDelegate.h */,
				255C7CCB1D8BED980098F09D /* AppDelegate.mm */,
				255C7CCC1D8BED980098F09D /* Assets.xcassets */,
				255C7CCE1D8BED980098F09D /* Common.h */,
				255C7CCF1D8BED980098F09D /* EAGLView.h */,
				255C7CD01D8BED980098F09D /* EAGLView.mm */,
				255C7CD11D8BED980098F09D /* Framework.h */,
				255C7CD21D8BED980098F09D /* Framework.mm */,
				255C7CD31D8BED980098F09D /* Info.plist */,
				255C7CD41D8BED980098F09D /* main.m */,
				255C7CD51D8BED980098F09D /* MWMMapWidgets.h */,
				255C7CD61D8BED980098F09D /* MWMMapWidgets.mm */,
				255C7CD71D8BED980098F09D /* MWMTypes.h */,
				255C7CD91D8BED980098F09D /* ViewController.h */,
				255C7CDA1D8BED980098F09D /* ViewController.mm */,
			);
			name = MapsComponent;
			sourceTree = "<group>";
		};
		255C7CE51D8BEE7B0098F09D /* Platform */ = {
			isa = PBXGroup;
			children = (
				255C7CE61D8BEE930098F09D /* iosOGLContext.h */,
				255C7CE71D8BEE930098F09D /* iosOGLContext.mm */,
				255C7CE81D8BEE930098F09D /* iosOGLContextFactory.h */,
				255C7CE91D8BEE930098F09D /* iosOGLContextFactory.mm */,
			);
			name = Platform;
			sourceTree = "<group>";
		};
		255C7D1B1D8D2E8D0098F09D /* Other Sources */ = {
			isa = PBXGroup;
			children = (
			);
			name = "Other Sources";
			sourceTree = "<group>";
		};
/* End PBXGroup section */

/* Begin PBXNativeTarget section */
		255C7C231D8B06660098F09D /* MapsComponent */ = {
			isa = PBXNativeTarget;
			buildConfigurationList = 255C7C3B1D8B06660098F09D /* Build configuration list for PBXNativeTarget "MapsComponent" */;
			buildPhases = (
				255C7C521D8B0E670098F09D /* ShellScript */,
				255C7C201D8B06660098F09D /* Sources */,
				255C7C211D8B06660098F09D /* Frameworks */,
				255C7C221D8B06660098F09D /* Resources */,
			);
			buildRules = (
			);
			dependencies = (
			);
			name = MapsComponent;
			productName = MapsComponentTest;
			productReference = 255C7C241D8B06660098F09D /* MapsComponent.app */;
			productType = "com.apple.product-type.application";
		};
/* End PBXNativeTarget section */

/* Begin PBXProject section */
		255C7C1C1D8B06660098F09D /* Project object */ = {
			isa = PBXProject;
			attributes = {
				LastUpgradeCheck = 0730;
				ORGANIZATIONNAME = "Tripfinger AS";
				TargetAttributes = {
					255C7C231D8B06660098F09D = {
						CreatedOnToolsVersion = 7.3.1;
					};
				};
			};
			buildConfigurationList = 255C7C1F1D8B06660098F09D /* Build configuration list for PBXProject "MapsComponent" */;
			compatibilityVersion = "Xcode 3.2";
			developmentRegion = English;
			hasScannedForEncodings = 0;
			knownRegions = (
				en,
				Base,
			);
			mainGroup = 255C7C1B1D8B06660098F09D;
			productRefGroup = 255C7C251D8B06660098F09D /* Products */;
			projectDirPath = "";
			projectRoot = "";
			targets = (
				255C7C231D8B06660098F09D /* MapsComponent */,
			);
		};
/* End PBXProject section */

/* Begin PBXResourcesBuildPhase section */
		255C7C221D8B06660098F09D /* Resources */ = {
			isa = PBXResourcesBuildPhase;
			buildActionMask = 2147483647;
			files = (
				255C7CC81D8B3AAD0098F09D /* packed_polygons.bin in Resources */,
				255C7CBA1D8B3A700098F09D /* categories.txt in Resources */,
				255C7CBB1D8B3A700098F09D /* copyright.html in Resources */,
				255C7CBC1D8B3A700098F09D /* cuisine-strings in Resources */,
				255C7CBD1D8B3A700098F09D /* drules_proto_clear.bin in Resources */,
				255C7CF31D8BF32C0098F09D /* MWMMapComponent.podspec in Resources */,
				255C7CBE1D8B3A700098F09D /* drules_proto_dark.bin in Resources */,
				255C7CBF1D8B3A700098F09D /* drules_proto_legacy.bin in Resources */,
				255C7CC01D8B3A700098F09D /* editor.config in Resources */,
				255C7CC11D8B3A700098F09D /* faq.html in Resources */,
				255C7CC21D8B3A700098F09D /* opening_hours_how_to_edit.html in Resources */,
				255C7CC31D8B3A700098F09D /* synonyms.txt in Resources */,
				255C7CC41D8B3A700098F09D /* tts-how-to-set-up-voice.html in Resources */,
				255C7CC51D8B3A700098F09D /* WorldCoasts_obsolete.mwm in Resources */,
				255C7CC61D8B3A700098F09D /* WorldCoasts.mwm in Resources */,
				255C7CAC1D8B39B30098F09D /* tts-how-to-set-up-voice-img in Resources */,
				255C7CA01D8B39740098F09D /* 01_dejavusans.ttf in Resources */,
				255C7CF11D8BEEBE0098F09D /* Main.storyboard in Resources */,
				255C7CA11D8B39740098F09D /* 02_droidsans-fallback.ttf in Resources */,
				255C7CA21D8B39740098F09D /* 03_jomolhari-id-a3d.ttf in Resources */,
				255C7CA31D8B39740098F09D /* 04_padauk.ttf in Resources */,
				255C7CA41D8B39740098F09D /* 05_khmeros.ttf in Resources */,
				255C7CA51D8B39740098F09D /* 06_code2000.ttf in Resources */,
				255C7CA61D8B39740098F09D /* 07_roboto_medium.ttf in Resources */,
				255C7CA71D8B39740098F09D /* fonts_blacklist.txt in Resources */,
				255C7CA81D8B39740098F09D /* fonts_whitelist.txt in Resources */,
				255C7CDC1D8BED980098F09D /* Assets.xcassets in Resources */,
				255C7CA91D8B39740098F09D /* unicode_blocks.txt in Resources */,
				255C7CAA1D8B39740098F09D /* World.mwm in Resources */,
				255C7CF01D8BEEBE0098F09D /* LaunchScreen.storyboard in Resources */,
				255C7C811D8B38E00098F09D /* colors.txt in Resources */,
				255C7C821D8B38E00098F09D /* countries.txt in Resources */,
				255C7C831D8B38E00098F09D /* packed_polygons_obsolete.bin in Resources */,
				255C7C841D8B38E00098F09D /* patterns.txt in Resources */,
				255C7C851D8B38E00098F09D /* resources-6plus_clear in Resources */,
				255C7C861D8B38E00098F09D /* resources-6plus_dark in Resources */,
				255C7C871D8B38E00098F09D /* resources-6plus_legacy in Resources */,
				255C7C881D8B38E00098F09D /* resources-default in Resources */,
				255C7C891D8B38E00098F09D /* resources-hdpi_clear in Resources */,
				255C7C8A1D8B38E00098F09D /* resources-hdpi_dark in Resources */,
				255C7C8B1D8B38E00098F09D /* resources-mdpi_clear in Resources */,
				255C7C8C1D8B38E00098F09D /* resources-mdpi_dark in Resources */,
				255C7C8D1D8B38E00098F09D /* resources-mdpi_legacy in Resources */,
				255C7C8E1D8B38E00098F09D /* resources-xhdpi_clear in Resources */,
				255C7C8F1D8B38E00098F09D /* resources-xhdpi_dark in Resources */,
				255C7C901D8B38E00098F09D /* resources-xhdpi_legacy in Resources */,
				255C7C911D8B38E00098F09D /* resources-xxhdpi_clear in Resources */,
				255C7C921D8B38E00098F09D /* resources-xxhdpi_dark in Resources */,
				255C7C931D8B38E00098F09D /* resources-xxhdpi_legacy in Resources */,
				255C7C941D8B38E00098F09D /* sound-strings in Resources */,
				255C7CE01D8BED980098F09D /* Info.plist in Resources */,
				255C7C6A1D8B37020098F09D /* types.txt in Resources */,
				255C7C681D8B36D40098F09D /* classificator.txt in Resources */,
				255C7C661D8B36A80098F09D /* countries_obsolete.txt in Resources */,
				255C7C631D8B362B0098F09D /* countries-strings in Resources */,
				255C7C6C1D8B370C0098F09D /* types.txt in Resources */,
			);
			runOnlyForDeploymentPostprocessing = 0;
		};
/* End PBXResourcesBuildPhase section */

/* Begin PBXShellScriptBuildPhase section */
		255C7C521D8B0E670098F09D /* ShellScript */ = {
			isa = PBXShellScriptBuildPhase;
			buildActionMask = 12;
			files = (
			);
			inputPaths = (
			);
			outputPaths = (
			);
			runOnlyForDeploymentPostprocessing = 0;
			shellPath = /bin/sh;
			shellScript = ". run-script-for-target.sh";
		};
/* End PBXShellScriptBuildPhase section */

/* Begin PBXSourcesBuildPhase section */
		255C7C201D8B06660098F09D /* Sources */ = {
			isa = PBXSourcesBuildPhase;
			buildActionMask = 2147483647;
			files = (
				255C7CEA1D8BEE930098F09D /* iosOGLContext.mm in Sources */,
				255C7CEB1D8BEE930098F09D /* iosOGLContextFactory.mm in Sources */,
				255C7CE21D8BED980098F09D /* MWMMapWidgets.mm in Sources */,
				255C7CE41D8BED980098F09D /* ViewController.mm in Sources */,
				255C7CDB1D8BED980098F09D /* AppDelegate.mm in Sources */,
				255C7CDF1D8BED980098F09D /* Framework.mm in Sources */,
				255C7CDE1D8BED980098F09D /* EAGLView.mm in Sources */,
				255C7CE11D8BED980098F09D /* main.m in Sources */,
			);
			runOnlyForDeploymentPostprocessing = 0;
		};
/* End PBXSourcesBuildPhase section */

/* Begin PBXVariantGroup section */
		255C7CEC1D8BEEBE0098F09D /* LaunchScreen.storyboard */ = {
			isa = PBXVariantGroup;
			children = (
				255C7CED1D8BEEBE0098F09D /* Base */,
			);
			name = LaunchScreen.storyboard;
			sourceTree = "<group>";
		};
		255C7CEE1D8BEEBE0098F09D /* Main.storyboard */ = {
			isa = PBXVariantGroup;
			children = (
				255C7CEF1D8BEEBE0098F09D /* Base */,
			);
			name = Main.storyboard;
			sourceTree = "<group>";
		};
/* End PBXVariantGroup section */

/* Begin XCBuildConfiguration section */
		255C7C391D8B06660098F09D /* Debug */ = {
			isa = XCBuildConfiguration;
			buildSettings = {
				ALWAYS_SEARCH_USER_PATHS = NO;
				CLANG_ANALYZER_NONNULL = YES;
				CLANG_CXX_LANGUAGE_STANDARD = "c++0x";
				CLANG_CXX_LIBRARY = "libc++";
				CLANG_ENABLE_MODULES = YES;
				CLANG_ENABLE_OBJC_ARC = YES;
				CLANG_WARN_BOOL_CONVERSION = YES;
				CLANG_WARN_CONSTANT_CONVERSION = YES;
				CLANG_WARN_DIRECT_OBJC_ISA_USAGE = YES_ERROR;
				CLANG_WARN_EMPTY_BODY = YES;
				CLANG_WARN_ENUM_CONVERSION = YES;
				CLANG_WARN_INT_CONVERSION = YES;
				CLANG_WARN_OBJC_ROOT_CLASS = YES_ERROR;
				CLANG_WARN_UNREACHABLE_CODE = YES;
				CLANG_WARN__DUPLICATE_METHOD_MATCH = YES;
				"CODE_SIGN_IDENTITY[sdk=iphoneos*]" = "iPhone Developer";
				COPY_PHASE_STRIP = NO;
				DEBUG_INFORMATION_FORMAT = dwarf;
				ENABLE_BITCODE = NO;
				ENABLE_STRICT_OBJC_MSGSEND = YES;
				ENABLE_TESTABILITY = YES;
				GCC_C_LANGUAGE_STANDARD = gnu99;
				GCC_DYNAMIC_NO_PIC = NO;
				GCC_NO_COMMON_BLOCKS = YES;
				GCC_OPTIMIZATION_LEVEL = 0;
				GCC_PREPROCESSOR_DEFINITIONS = (
					"DEBUG=1",
					"$(inherited)",
					_DEBUG,
					DEBUG,
					TARGET_OS_IPHONE,
				);
				GCC_WARN_64_TO_32_BIT_CONVERSION = YES;
				GCC_WARN_ABOUT_RETURN_TYPE = YES_ERROR;
				GCC_WARN_UNDECLARED_SELECTOR = YES;
				GCC_WARN_UNINITIALIZED_AUTOS = YES_AGGRESSIVE;
				GCC_WARN_UNUSED_FUNCTION = YES;
				GCC_WARN_UNUSED_VARIABLE = YES;
				IPHONEOS_DEPLOYMENT_TARGET = 8.0;
				MTL_ENABLE_DEBUG_INFO = YES;
				ONLY_ACTIVE_ARCH = YES;
				SDKROOT = iphoneos;
				VALID_ARCHS = i386;
			};
			name = Debug;
		};
		255C7C3A1D8B06660098F09D /* Release */ = {
			isa = XCBuildConfiguration;
			buildSettings = {
				ALWAYS_SEARCH_USER_PATHS = NO;
				CLANG_ANALYZER_NONNULL = YES;
				CLANG_CXX_LANGUAGE_STANDARD = "c++0x";
				CLANG_CXX_LIBRARY = "libc++";
				CLANG_ENABLE_MODULES = YES;
				CLANG_ENABLE_OBJC_ARC = YES;
				CLANG_WARN_BOOL_CONVERSION = YES;
				CLANG_WARN_CONSTANT_CONVERSION = YES;
				CLANG_WARN_DIRECT_OBJC_ISA_USAGE = YES_ERROR;
				CLANG_WARN_EMPTY_BODY = YES;
				CLANG_WARN_ENUM_CONVERSION = YES;
				CLANG_WARN_INT_CONVERSION = YES;
				CLANG_WARN_OBJC_ROOT_CLASS = YES_ERROR;
				CLANG_WARN_UNREACHABLE_CODE = YES;
				CLANG_WARN__DUPLICATE_METHOD_MATCH = YES;
				"CODE_SIGN_IDENTITY[sdk=iphoneos*]" = "iPhone Developer";
				COPY_PHASE_STRIP = NO;
				DEBUG_INFORMATION_FORMAT = "dwarf-with-dsym";
				ENABLE_BITCODE = NO;
				ENABLE_NS_ASSERTIONS = NO;
				ENABLE_STRICT_OBJC_MSGSEND = YES;
				GCC_C_LANGUAGE_STANDARD = gnu99;
				GCC_NO_COMMON_BLOCKS = YES;
				GCC_WARN_64_TO_32_BIT_CONVERSION = YES;
				GCC_WARN_ABOUT_RETURN_TYPE = YES_ERROR;
				GCC_WARN_UNDECLARED_SELECTOR = YES;
				GCC_WARN_UNINITIALIZED_AUTOS = YES_AGGRESSIVE;
				GCC_WARN_UNUSED_FUNCTION = YES;
				GCC_WARN_UNUSED_VARIABLE = YES;
				IPHONEOS_DEPLOYMENT_TARGET = 8.0;
				MTL_ENABLE_DEBUG_INFO = NO;
				SDKROOT = iphoneos;
				VALIDATE_PRODUCT = YES;
			};
			name = Release;
		};
		255C7C3C1D8B06660098F09D /* Debug */ = {
			isa = XCBuildConfiguration;
			buildSettings = {
				ASSETCATALOG_COMPILER_APPICON_NAME = AppIcon;
				FRAMEWORK_SEARCH_PATHS = "";
				GCC_ENABLE_PASCAL_STRINGS = NO;
				GCC_FAST_MATH = YES;
				GCC_NO_COMMON_BLOCKS = NO;
				GCC_PRECOMPILE_PREFIX_HEADER = YES;
				GCC_PREFIX_HEADER = Maps_Prefix.pch;
				GCC_WARN_UNUSED_LABEL = YES;
				HEADER_SEARCH_PATHS = (
					../../,
					../../3party/boost,
					../../3party/glm,
				);
				INFOPLIST_FILE = MapsComponent/Info.plist;
				LD_RUNPATH_SEARCH_PATHS = "$(inherited) @executable_path/Frameworks";
				LIBRARY_SEARCH_PATHS = "\"$(SRCROOT)/../../../omim-iphone-debug-i386/out/debug\"";
				ONLY_ACTIVE_ARCH = NO;
				OTHER_CFLAGS = (
					"-Wall",
					"-Wno-unused-local-typedef",
				);
				OTHER_LDFLAGS = (
					"-ObjC",
					"-l\"c++\"",
					"-l\"sqlite3\"",
					"-l\"z\"",
					"-lstats_client",
					"-lmap",
					"-lsearch",
					"-ldrape_frontend",
					"-ldrape",
					"-lstorage",
					"-lrouting",
					"-lindexer",
					"-lplatform",
					"-lgeometry",
					"-lcoding",
					"-lbase",
					"-lfreetype",
					"-lfribidi",
					"-lminizip",
					"-ljansson",
					"-ltomcrypt",
					"-lexpat",
					"-lprotobuf",
					"-losrm",
					"-lsuccinct",
					"-lopening_hours",
					"-lpugixml",
					"-loauthcpp",
					"-leditor",
				);
				PRODUCT_BUNDLE_IDENTIFIER = com.tripfinger.MapsComponent;
				PRODUCT_NAME = "$(TARGET_NAME)";
			};
			name = Debug;
		};
		255C7C3D1D8B06660098F09D /* Release */ = {
			isa = XCBuildConfiguration;
			buildSettings = {
				ASSETCATALOG_COMPILER_APPICON_NAME = AppIcon;
				FRAMEWORK_SEARCH_PATHS = "";
				GCC_ENABLE_PASCAL_STRINGS = NO;
				GCC_FAST_MATH = YES;
				GCC_NO_COMMON_BLOCKS = NO;
				GCC_PRECOMPILE_PREFIX_HEADER = YES;
				GCC_PREFIX_HEADER = Maps_Prefix.pch;
				GCC_WARN_UNUSED_LABEL = YES;
				HEADER_SEARCH_PATHS = (
					../../,
					../../3party/boost,
					../../3party/glm,
				);
				INFOPLIST_FILE = MapsComponent/Info.plist;
				LD_RUNPATH_SEARCH_PATHS = "$(inherited) @executable_path/Frameworks";
				LIBRARY_SEARCH_PATHS = "\"$(SRCROOT)/../../../omim-iphone-debug-i386/out/debug\"";
				OTHER_CFLAGS = (
					"-Wall",
					"-Wno-unused-local-typedef",
				);
				OTHER_LDFLAGS = (
					"-ObjC",
					"-l\"c++\"",
					"-l\"sqlite3\"",
					"-l\"z\"",
					"-lstats_client",
					"-lmap",
					"-lsearch",
					"-ldrape_frontend",
					"-ldrape",
					"-lstorage",
					"-lrouting",
					"-lindexer",
					"-lplatform",
					"-lgeometry",
					"-lcoding",
					"-lbase",
					"-lfreetype",
					"-lfribidi",
					"-lminizip",
					"-ljansson",
					"-ltomcrypt",
					"-lexpat",
					"-lprotobuf",
					"-losrm",
					"-lsuccinct",
					"-lopening_hours",
					"-lpugixml",
					"-loauthcpp",
					"-leditor",
				);
				PRODUCT_BUNDLE_IDENTIFIER = com.tripfinger.MapsComponent;
				PRODUCT_NAME = "$(TARGET_NAME)";
			};
			name = Release;
		};
		255C7C531D8B16A70098F09D /* Simulator */ = {
			isa = XCBuildConfiguration;
			buildSettings = {
				ALWAYS_SEARCH_USER_PATHS = NO;
				CLANG_ANALYZER_NONNULL = YES;
				CLANG_CXX_LANGUAGE_STANDARD = "c++0x";
				CLANG_CXX_LIBRARY = "libc++";
				CLANG_ENABLE_MODULES = YES;
				CLANG_ENABLE_OBJC_ARC = YES;
				CLANG_WARN_BOOL_CONVERSION = YES;
				CLANG_WARN_CONSTANT_CONVERSION = YES;
				CLANG_WARN_DIRECT_OBJC_ISA_USAGE = YES_ERROR;
				CLANG_WARN_EMPTY_BODY = YES;
				CLANG_WARN_ENUM_CONVERSION = YES;
				CLANG_WARN_INT_CONVERSION = YES;
				CLANG_WARN_OBJC_ROOT_CLASS = YES_ERROR;
				CLANG_WARN_UNREACHABLE_CODE = YES;
				CLANG_WARN__DUPLICATE_METHOD_MATCH = YES;
				"CODE_SIGN_IDENTITY[sdk=iphoneos*]" = "iPhone Developer";
				COPY_PHASE_STRIP = NO;
				DEBUG_INFORMATION_FORMAT = dwarf;
				ENABLE_BITCODE = NO;
				ENABLE_STRICT_OBJC_MSGSEND = YES;
				ENABLE_TESTABILITY = YES;
				GCC_C_LANGUAGE_STANDARD = gnu99;
				GCC_DYNAMIC_NO_PIC = NO;
				GCC_NO_COMMON_BLOCKS = YES;
				GCC_OPTIMIZATION_LEVEL = 0;
				GCC_PREPROCESSOR_DEFINITIONS = (
					"DEBUG=1",
					"$(inherited)",
					_DEBUG,
					DEBUG,
					TARGET_OS_IPHONE,
				);
				GCC_WARN_64_TO_32_BIT_CONVERSION = YES;
				GCC_WARN_ABOUT_RETURN_TYPE = YES_ERROR;
				GCC_WARN_UNDECLARED_SELECTOR = YES;
				GCC_WARN_UNINITIALIZED_AUTOS = YES_AGGRESSIVE;
				GCC_WARN_UNUSED_FUNCTION = YES;
				GCC_WARN_UNUSED_VARIABLE = YES;
				IPHONEOS_DEPLOYMENT_TARGET = 8.0;
				MTL_ENABLE_DEBUG_INFO = YES;
				ONLY_ACTIVE_ARCH = YES;
				SDKROOT = iphoneos;
				VALID_ARCHS = i386;
			};
			name = Simulator;
		};
		255C7C541D8B16A70098F09D /* Simulator */ = {
			isa = XCBuildConfiguration;
			buildSettings = {
				ASSETCATALOG_COMPILER_APPICON_NAME = AppIcon;
				FRAMEWORK_SEARCH_PATHS = "";
				GCC_ENABLE_PASCAL_STRINGS = NO;
				GCC_FAST_MATH = YES;
				GCC_NO_COMMON_BLOCKS = NO;
				GCC_PRECOMPILE_PREFIX_HEADER = YES;
				GCC_PREFIX_HEADER = Maps_Prefix.pch;
				GCC_WARN_UNUSED_LABEL = YES;
				HEADER_SEARCH_PATHS = (
					../../,
					../../3party/boost,
					../../3party/glm,
				);
				INFOPLIST_FILE = MapsComponent/Info.plist;
				LD_RUNPATH_SEARCH_PATHS = "$(inherited) @executable_path/Frameworks";
				LIBRARY_SEARCH_PATHS = "\"$(SRCROOT)/../../../omim-iphone-debug-i386/out/debug\"";
				ONLY_ACTIVE_ARCH = NO;
				OTHER_CFLAGS = (
					"-Wall",
					"-Wno-unused-local-typedef",
				);
				OTHER_LDFLAGS = (
					"-ObjC",
					"-l\"c++\"",
					"-l\"sqlite3\"",
					"-l\"z\"",
					"-lstats_client",
					"-lmap",
					"-lsearch",
					"-ldrape_frontend",
					"-ldrape",
					"-lstorage",
					"-lrouting",
					"-lindexer",
					"-lplatform",
					"-lgeometry",
					"-lcoding",
					"-lbase",
					"-lfreetype",
					"-lfribidi",
					"-lminizip",
					"-ljansson",
					"-ltomcrypt",
					"-lexpat",
					"-lprotobuf",
					"-losrm",
					"-lsuccinct",
					"-lopening_hours",
					"-lpugixml",
					"-loauthcpp",
					"-leditor",
				);
				PRODUCT_BUNDLE_IDENTIFIER = com.tripfinger.MapsComponent;
				PRODUCT_NAME = "$(TARGET_NAME)";
			};
			name = Simulator;
		};
/* End XCBuildConfiguration section */

/* Begin XCConfigurationList section */
		255C7C1F1D8B06660098F09D /* Build configuration list for PBXProject "MapsComponent" */ = {
			isa = XCConfigurationList;
			buildConfigurations = (
				255C7C391D8B06660098F09D /* Debug */,
				255C7C531D8B16A70098F09D /* Simulator */,
				255C7C3A1D8B06660098F09D /* Release */,
			);
			defaultConfigurationIsVisible = 0;
			defaultConfigurationName = Release;
		};
		255C7C3B1D8B06660098F09D /* Build configuration list for PBXNativeTarget "MapsComponent" */ = {
			isa = XCConfigurationList;
			buildConfigurations = (
				255C7C3C1D8B06660098F09D /* Debug */,
				255C7C541D8B16A70098F09D /* Simulator */,
				255C7C3D1D8B06660098F09D /* Release */,
			);
			defaultConfigurationIsVisible = 0;
			defaultConfigurationName = Release;
		};
/* End XCConfigurationList section */
	};
	rootObject = 255C7C1C1D8B06660098F09D /* Project object */;
}
